<?xml version="1.0" encoding="utf-8"?>
<Project ToolsVersion="4.0" xmlns="http://schemas.microsoft.com/developer/msbuild/2003">
  <ItemGroup>
    <ClCompile Include="src\ofApp.cpp">
      <Filter>src</Filter>
    </ClCompile>
    <ClCompile Include="src\main.cpp">
      <Filter>src</Filter>
    </ClCompile>
    <ClCompile Include="src\main.cpp">
      <Filter>src</Filter>
    </ClCompile>
    <ClCompile Include="src\ofApp.cpp">
      <Filter>src</Filter>
    </ClCompile>
    <ClCompile Include="..\..\..\..\addons\ofx3DModelLoader\src\3DS\model3DS.cpp">
      <Filter>addons\ofx3DModelLoader\src\3DS</Filter>
    </ClCompile>
    <ClCompile Include="..\..\..\..\addons\ofx3DModelLoader\src\3DS\texture3DS.cpp">
      <Filter>addons\ofx3DModelLoader\src\3DS</Filter>
    </ClCompile>
    <ClCompile Include="..\..\..\..\addons\ofx3DModelLoader\src\ofx3dModelLoader.cpp">
      <Filter>addons\ofx3DModelLoader\src</Filter>
    </ClCompile>
    <ClCompile Include="..\..\..\..\addons\ofxAssimpModelLoader\src\ofxAssimpAnimation.cpp">
      <Filter>addons\ofxAssimpModelLoader\src</Filter>
    </ClCompile>
    <ClCompile Include="..\..\..\..\addons\ofxAssimpModelLoader\src\ofxAssimpMeshHelper.cpp">
      <Filter>addons\ofxAssimpModelLoader\src</Filter>
    </ClCompile>
    <ClCompile Include="..\..\..\..\addons\ofxAssimpModelLoader\src\ofxAssimpModelLoader.cpp">
      <Filter>addons\ofxAssimpModelLoader\src</Filter>
    </ClCompile>
    <ClCompile Include="..\..\..\..\addons\ofxAssimpModelLoader\src\ofxAssimpTexture.cpp">
      <Filter>addons\ofxAssimpModelLoader\src</Filter>
    </ClCompile>
    <ClCompile Include="..\..\..\..\addons\ofxBeat\src\fft.cpp">
      <Filter>addons\ofxBeat\src</Filter>
    </ClCompile>
    <ClCompile Include="..\..\..\..\addons\ofxBeat\src\ofxBeat.cpp">
      <Filter>addons\ofxBeat\src</Filter>
    </ClCompile>
    <ClCompile Include="..\..\..\..\addons\ofxGui\src\ofxBaseGui.cpp">
      <Filter>addons\ofxGui\src</Filter>
    </ClCompile>
    <ClCompile Include="..\..\..\..\addons\ofxGui\src\ofxButton.cpp">
      <Filter>addons\ofxGui\src</Filter>
    </ClCompile>
    <ClCompile Include="..\..\..\..\addons\ofxGui\src\ofxGuiGroup.cpp">
      <Filter>addons\ofxGui\src</Filter>
    </ClCompile>
    <ClCompile Include="..\..\..\..\addons\ofxGui\src\ofxLabel.cpp">
      <Filter>addons\ofxGui\src</Filter>
    </ClCompile>
    <ClCompile Include="..\..\..\..\addons\ofxGui\src\ofxPanel.cpp">
      <Filter>addons\ofxGui\src</Filter>
    </ClCompile>
    <ClCompile Include="..\..\..\..\addons\ofxGui\src\ofxSlider.cpp">
      <Filter>addons\ofxGui\src</Filter>
    </ClCompile>
    <ClCompile Include="..\..\..\..\addons\ofxGui\src\ofxSliderGroup.cpp">
      <Filter>addons\ofxGui\src</Filter>
    </ClCompile>
    <ClCompile Include="..\..\..\..\addons\ofxGui\src\ofxToggle.cpp">
      <Filter>addons\ofxGui\src</Filter>
    </ClCompile>
    <ClCompile Include="..\..\..\..\addons\ofxKinect\src\extra\ofxKinectExtras.cpp">
      <Filter>addons\ofxKinect\src\extra</Filter>
    </ClCompile>
    <ClCompile Include="..\..\..\..\addons\ofxKinect\src\ofxKinect.cpp">
      <Filter>addons\ofxKinect\src</Filter>
    </ClCompile>
    <ClCompile Include="..\..\..\..\addons\ofxKinect\libs\libfreenect\platform\windows\libusb10emu\libusb-1.0\failguard.cpp">
      <Filter>addons\ofxKinect\libs\libfreenect\platform\windows\libusb10emu\libusb-1.0</Filter>
    </ClCompile>
    <ClCompile Include="..\..\..\..\addons\ofxKinect\libs\libfreenect\platform\windows\libusb10emu\libusb-1.0\libusbemu.cpp">
      <Filter>addons\ofxKinect\libs\libfreenect\platform\windows\libusb10emu\libusb-1.0</Filter>
    </ClCompile>
    <ClCompile Include="..\..\..\..\addons\ofxKinect\libs\libfreenect\src\audio.c">
      <Filter>addons\ofxKinect\libs\libfreenect\src</Filter>
    </ClCompile>
    <ClCompile Include="..\..\..\..\addons\ofxKinect\libs\libfreenect\src\cameras.c">
      <Filter>addons\ofxKinect\libs\libfreenect\src</Filter>
    </ClCompile>
    <ClCompile Include="..\..\..\..\addons\ofxKinect\libs\libfreenect\src\core.c">
      <Filter>addons\ofxKinect\libs\libfreenect\src</Filter>
    </ClCompile>
    <ClCompile Include="..\..\..\..\addons\ofxKinect\libs\libfreenect\src\flags.c">
      <Filter>addons\ofxKinect\libs\libfreenect\src</Filter>
    </ClCompile>
    <ClCompile Include="..\..\..\..\addons\ofxKinect\libs\libfreenect\src\keep_alive.c">
      <Filter>addons\ofxKinect\libs\libfreenect\src</Filter>
    </ClCompile>
    <ClCompile Include="..\..\..\..\addons\ofxKinect\libs\libfreenect\src\loader.c">
      <Filter>addons\ofxKinect\libs\libfreenect\src</Filter>
    </ClCompile>
    <ClCompile Include="..\..\..\..\addons\ofxKinect\libs\libfreenect\src\registration.c">
      <Filter>addons\ofxKinect\libs\libfreenect\src</Filter>
    </ClCompile>
    <ClCompile Include="..\..\..\..\addons\ofxKinect\libs\libfreenect\src\tilt.c">
      <Filter>addons\ofxKinect\libs\libfreenect\src</Filter>
    </ClCompile>
    <ClCompile Include="..\..\..\..\addons\ofxKinect\libs\libfreenect\src\usb_libusb10.c">
      <Filter>addons\ofxKinect\libs\libfreenect\src</Filter>
    </ClCompile>
    <ClCompile Include="..\..\..\..\addons\ofxKinect\libs\libfreenect\platform\windows\libusb10emu\libusb-1.0\failguard.cpp">
      <Filter>other</Filter>
    </ClCompile>
    <ClCompile Include="..\..\..\..\addons\ofxKinect\libs\libfreenect\platform\windows\libusb10emu\libusb-1.0\libusbemu.cpp">
      <Filter>other</Filter>
    </ClCompile>
    <ClCompile Include="..\..\..\..\addons\ofxMidi\src\desktop\ofxRtMidiIn.cpp">
      <Filter>addons\ofxMidi\src\desktop</Filter>
    </ClCompile>
    <ClCompile Include="..\..\..\..\addons\ofxMidi\src\desktop\ofxRtMidiOut.cpp">
      <Filter>addons\ofxMidi\src\desktop</Filter>
    </ClCompile>
    <ClCompile Include="..\..\..\..\addons\ofxMidi\src\ofxBaseMidi.cpp">
      <Filter>addons\ofxMidi\src</Filter>
    </ClCompile>
    <ClCompile Include="..\..\..\..\addons\ofxMidi\src\ofxMidi.cpp">
      <Filter>addons\ofxMidi\src</Filter>
    </ClCompile>
    <ClCompile Include="..\..\..\..\addons\ofxMidi\src\ofxMidiIn.cpp">
      <Filter>addons\ofxMidi\src</Filter>
    </ClCompile>
    <ClCompile Include="..\..\..\..\addons\ofxMidi\src\ofxMidiMessage.cpp">
      <Filter>addons\ofxMidi\src</Filter>
    </ClCompile>
    <ClCompile Include="..\..\..\..\addons\ofxMidi\src\ofxMidiOut.cpp">
      <Filter>addons\ofxMidi\src</Filter>
    </ClCompile>
    <ClCompile Include="..\..\..\..\addons\ofxMidi\libs\rtmidi\RtMidi.cpp">
      <Filter>addons\ofxMidi\libs\rtmidi</Filter>
    </ClCompile>
    <ClCompile Include="..\..\..\..\addons\ofxMSABPMTapper\src\MSABPMTapper.cpp">
      <Filter>addons\ofxMSABPMTapper\src</Filter>
    </ClCompile>
    <ClCompile Include="..\..\..\..\addons\ofxOpenCv\src\ofxCvColorImage.cpp">
      <Filter>addons\ofxOpenCv\src</Filter>
    </ClCompile>
    <ClCompile Include="..\..\..\..\addons\ofxOpenCv\src\ofxCvContourFinder.cpp">
      <Filter>addons\ofxOpenCv\src</Filter>
    </ClCompile>
    <ClCompile Include="..\..\..\..\addons\ofxOpenCv\src\ofxCvFloatImage.cpp">
      <Filter>addons\ofxOpenCv\src</Filter>
    </ClCompile>
    <ClCompile Include="..\..\..\..\addons\ofxOpenCv\src\ofxCvGrayscaleImage.cpp">
      <Filter>addons\ofxOpenCv\src</Filter>
    </ClCompile>
    <ClCompile Include="..\..\..\..\addons\ofxOpenCv\src\ofxCvHaarFinder.cpp">
      <Filter>addons\ofxOpenCv\src</Filter>
    </ClCompile>
    <ClCompile Include="..\..\..\..\addons\ofxOpenCv\src\ofxCvImage.cpp">
      <Filter>addons\ofxOpenCv\src</Filter>
    </ClCompile>
    <ClCompile Include="..\..\..\..\addons\ofxOpenCv\src\ofxCvShortImage.cpp">
      <Filter>addons\ofxOpenCv\src</Filter>
    </ClCompile>
    <ClCompile Include="..\..\..\..\addons\ofxOpenVJ\src\BaseScene.cpp">
      <Filter>addons\ofxOpenVJ\src</Filter>
    </ClCompile>
    <ClCompile Include="..\..\..\..\addons\ofxOpenVJ\src\CameraManager.cpp">
      <Filter>addons\ofxOpenVJ\src</Filter>
    </ClCompile>
    <ClCompile Include="..\..\..\..\addons\ofxOpenVJ\src\CompositorManager.cpp">
      <Filter>addons\ofxOpenVJ\src</Filter>
    </ClCompile>
    <ClCompile Include="..\..\..\..\addons\ofxOpenVJ\src\DepthCameraManager.cpp">
      <Filter>addons\ofxOpenVJ\src</Filter>
    </ClCompile>
    <ClCompile Include="..\..\..\..\addons\ofxOpenVJ\src\EmptyScene.cpp">
      <Filter>addons\ofxOpenVJ\src</Filter>
    </ClCompile>
    <ClCompile Include="..\..\..\..\addons\ofxOpenVJ\src\ofxOpenVJSet.cpp">
      <Filter>addons\ofxOpenVJ\src</Filter>
    </ClCompile>
    <ClCompile Include="..\..\..\..\addons\ofxOpenVJ\src\ofxParticle2D.cpp">
      <Filter>addons\ofxOpenVJ\src</Filter>
    </ClCompile>
    <ClCompile Include="..\..\..\..\addons\ofxOpenVJ\src\ofxParticle3D.cpp">
      <Filter>addons\ofxOpenVJ\src</Filter>
    </ClCompile>
    <ClCompile Include="..\..\..\..\addons\ofxOpenVJ\src\Scenes.cpp">
      <Filter>addons\ofxOpenVJ\src</Filter>
    </ClCompile>
    <ClCompile Include="..\..\..\..\addons\ofxOpenVJ\src\SoundManager.cpp">
      <Filter>addons\ofxOpenVJ\src</Filter>
    </ClCompile>
    <ClCompile Include="..\..\..\..\addons\ofxPostGlitch\src\ofxPostGlitch.cpp">
      <Filter>addons\ofxPostGlitch\src</Filter>
    </ClCompile>
    <ClCompile Include="..\..\..\..\addons\ofxPostProcessing\src\BleachBypassPass.cpp">
      <Filter>addons\ofxPostProcessing\src</Filter>
    </ClCompile>
    <ClCompile Include="..\..\..\..\addons\ofxPostProcessing\src\BloomPass.cpp">
      <Filter>addons\ofxPostProcessing\src</Filter>
    </ClCompile>
    <ClCompile Include="..\..\..\..\addons\ofxPostProcessing\src\ContrastPass.cpp">
      <Filter>addons\ofxPostProcessing\src</Filter>
    </ClCompile>
    <ClCompile Include="..\..\..\..\addons\ofxPostProcessing\src\ConvolutionPass.cpp">
      <Filter>addons\ofxPostProcessing\src</Filter>
    </ClCompile>
    <ClCompile Include="..\..\..\..\addons\ofxPostProcessing\src\DofAltPass.cpp">
      <Filter>addons\ofxPostProcessing\src</Filter>
    </ClCompile>
    <ClCompile Include="..\..\..\..\addons\ofxPostProcessing\src\DofPass.cpp">
      <Filter>addons\ofxPostProcessing\src</Filter>
    </ClCompile>
    <ClCompile Include="..\..\..\..\addons\ofxPostProcessing\src\EdgePass.cpp">
      <Filter>addons\ofxPostProcessing\src</Filter>
    </ClCompile>
    <ClCompile Include="..\..\..\..\addons\ofxPostProcessing\src\FakeSSSPass.cpp">
      <Filter>addons\ofxPostProcessing\src</Filter>
    </ClCompile>
    <ClCompile Include="..\..\..\..\addons\ofxPostProcessing\src\FxaaPass.cpp">
      <Filter>addons\ofxPostProcessing\src</Filter>
    </ClCompile>
    <ClCompile Include="..\..\..\..\addons\ofxPostProcessing\src\GodRaysPass.cpp">
      <Filter>addons\ofxPostProcessing\src</Filter>
    </ClCompile>
    <ClCompile Include="..\..\..\..\addons\ofxPostProcessing\src\HorizontalTiltShifPass.cpp">
      <Filter>addons\ofxPostProcessing\src</Filter>
    </ClCompile>
    <ClCompile Include="..\..\..\..\addons\ofxPostProcessing\src\HsbShiftPass.cpp">
      <Filter>addons\ofxPostProcessing\src</Filter>
    </ClCompile>
    <ClCompile Include="..\..\..\..\addons\ofxPostProcessing\src\KaleidoscopePass.cpp">
      <Filter>addons\ofxPostProcessing\src</Filter>
    </ClCompile>
    <ClCompile Include="..\..\..\..\addons\ofxPostProcessing\src\LimbDarkeningPass.cpp">
      <Filter>addons\ofxPostProcessing\src</Filter>
    </ClCompile>
    <ClCompile Include="..\..\..\..\addons\ofxPostProcessing\src\LUTPass.cpp">
      <Filter>addons\ofxPostProcessing\src</Filter>
    </ClCompile>
    <ClCompile Include="..\..\..\..\addons\ofxPostProcessing\src\NoiseWarpPass.cpp">
      <Filter>addons\ofxPostProcessing\src</Filter>
    </ClCompile>
    <ClCompile Include="..\..\..\..\addons\ofxPostProcessing\src\PixelatePass.cpp">
      <Filter>addons\ofxPostProcessing\src</Filter>
    </ClCompile>
    <ClCompile Include="..\..\..\..\addons\ofxPostProcessing\src\PostProcessing.cpp">
      <Filter>addons\ofxPostProcessing\src</Filter>
    </ClCompile>
    <ClCompile Include="..\..\..\..\addons\ofxPostProcessing\src\RenderPass.cpp">
      <Filter>addons\ofxPostProcessing\src</Filter>
    </ClCompile>
    <ClCompile Include="..\..\..\..\addons\ofxPostProcessing\src\RGBShiftPass.cpp">
      <Filter>addons\ofxPostProcessing\src</Filter>
    </ClCompile>
    <ClCompile Include="..\..\..\..\addons\ofxPostProcessing\src\RimHighlightingPass.cpp">
      <Filter>addons\ofxPostProcessing\src</Filter>
    </ClCompile>
    <ClCompile Include="..\..\..\..\addons\ofxPostProcessing\src\SSAOPass.cpp">
      <Filter>addons\ofxPostProcessing\src</Filter>
    </ClCompile>
    <ClCompile Include="..\..\..\..\addons\ofxPostProcessing\src\ToonPass.cpp">
      <Filter>addons\ofxPostProcessing\src</Filter>
    </ClCompile>
    <ClCompile Include="..\..\..\..\addons\ofxPostProcessing\src\VerticalTiltShifPass.cpp">
      <Filter>addons\ofxPostProcessing\src</Filter>
    </ClCompile>
    <ClCompile Include="..\..\..\..\addons\ofxPostProcessing\src\ZoomBlurPass.cpp">
      <Filter>addons\ofxPostProcessing\src</Filter>
    </ClCompile>
    <ClCompile Include="..\..\..\..\addons\ofxSimpleMask\src\ofxSimpleMask.cpp">
      <Filter>addons\ofxSimpleMask\src</Filter>
    </ClCompile>
    <ClCompile Include="..\..\..\..\addons\ofxSimpleTimer\src\ofxSimpleTimer.cpp">
      <Filter>addons\ofxSimpleTimer\src</Filter>
    </ClCompile>
    <ClCompile Include="..\..\..\..\addons\ofxSpout\src\ofxSpout.cpp">
      <Filter>addons\ofxSpout\src</Filter>
    </ClCompile>
    <ClCompile Include="..\..\..\..\addons\ofxTweenzor\src\Tween.cpp">
      <Filter>addons\ofxTweenzor\src</Filter>
    </ClCompile>
    <ClCompile Include="..\..\..\..\addons\ofxTweenzor\src\Tweenzor.cpp">
      <Filter>addons\ofxTweenzor\src</Filter>
    </ClCompile>
    <ClCompile Include="..\..\..\..\addons\ofxXmlSettings\src\ofxXmlSettings.cpp">
      <Filter>addons\ofxXmlSettings\src</Filter>
    </ClCompile>
    <ClCompile Include="..\..\..\..\addons\ofxXmlSettings\libs\tinyxml.cpp">
      <Filter>addons\ofxXmlSettings\libs</Filter>
    </ClCompile>
    <ClCompile Include="..\..\..\..\addons\ofxXmlSettings\libs\tinyxmlerror.cpp">
      <Filter>addons\ofxXmlSettings\libs</Filter>
    </ClCompile>
    <ClCompile Include="..\..\..\..\addons\ofxXmlSettings\libs\tinyxmlparser.cpp">
      <Filter>addons\ofxXmlSettings\libs</Filter>
    </ClCompile>
    <ClCompile Include="..\..\scenes\SimpleScene.cpp">
      <Filter>addons\ofxOpenVJ\src</Filter>
    </ClCompile>
    <ClCompile Include="src\DirectionalWashScene.cpp">
      <Filter>src\scenes</Filter>
    </ClCompile>
    <ClCompile Include="src\ReflectMaskScene.cpp">
      <Filter>src\scenes</Filter>
    </ClCompile>
    <ClCompile Include="src\ShaderScene.cpp">
      <Filter>src\scenes</Filter>
    </ClCompile>
    <ClCompile Include="src\TileTextureScene.cpp">
      <Filter>src\scenes</Filter>
    </ClCompile>
    <ClCompile Include="src\LightShaderScene.cpp">
      <Filter>src\scenes</Filter>
    </ClCompile>
    <ClCompile Include="src\NeuralSpaceShaderScene.cpp">
      <Filter>src\scenes</Filter>
    </ClCompile>
    <ClCompile Include="..\..\..\ofxGif\src\ofxGif.cpp">
      <Filter>addons\ofxGif\src</Filter>
    </ClCompile>
    <ClCompile Include="src\AnimatedTileTextureScene.cpp">
      <Filter>addons\ofxOpenVJ\src</Filter>
    </ClCompile>
    <ClCompile Include="src\SectionColorJumpScene.cpp">
      <Filter>src\scenes</Filter>
    </ClCompile>
    <ClCompile Include="src\CircleExpandScene.cpp">
      <Filter>src\scenes</Filter>
    </ClCompile>
    <ClCompile Include="src\RadialFftScene.cpp">
      <Filter>src\scenes</Filter>
    </ClCompile>
    <ClCompile Include="src\NeonLightTunnelScene.cpp">
      <Filter>src\scenes</Filter>
    </ClCompile>
    <ClCompile Include="src\GridMosiacFractalScene.cpp">
      <Filter>src\scenes</Filter>
    </ClCompile>
    <ClCompile Include="src\IronManTunnelShaderScene.cpp">
      <Filter>src\scenes</Filter>
    </ClCompile>
    <ClCompile Include="src\FractalTunnelScene.cpp">
      <Filter>src\scenes</Filter>
    </ClCompile>
    <ClCompile Include="src\CellLifeShaderScene.cpp">
      <Filter>src\scenes</Filter>
    </ClCompile>
    <ClCompile Include="src\MRSFractalShaderScene.cpp">
      <Filter>src\scenes</Filter>
    </ClCompile>
    <ClCompile Include="..\..\src\ColorPalette.cpp">
      <Filter>addons\ofxOpenVJ\src</Filter>
    </ClCompile>
    <ClCompile Include="..\..\..\ofxHeliosLibs\src\ofxAlphaStack\ofxAlphaStackItem.cpp">
      <Filter>addons\ofxHeliosLibs\src\ofxAlphaStack\src</Filter>
    </ClCompile>
  </ItemGroup>
  <ItemGroup>
    <Filter Include="src">
      <UniqueIdentifier>{d8376475-7454-4a24-b08a-aac121d3ad6f}</UniqueIdentifier>
    </Filter>
    <Filter Include="addons">
      <UniqueIdentifier>{71834F65-F3A9-211E-73B8-DC85}</UniqueIdentifier>
    </Filter>
    <Filter Include="addons\ofx3DModelLoader">
      <UniqueIdentifier>{90FA273A-87C3-2E0D-B66C-C2AD}</UniqueIdentifier>
    </Filter>
    <Filter Include="addons\ofx3DModelLoader\src">
      <UniqueIdentifier>{77E86CDA-1ACF-7498-153C-9736}</UniqueIdentifier>
    </Filter>
    <Filter Include="addons\ofx3DModelLoader\src\3DS">
      <UniqueIdentifier>{34B3E336-F3FA-9140-9697-59C0}</UniqueIdentifier>
    </Filter>
    <Filter Include="addons\ofxAssimpModelLoader">
      <UniqueIdentifier>{DE65D9F7-840A-CD0A-A555-EA3B}</UniqueIdentifier>
    </Filter>
    <Filter Include="addons\ofxAssimpModelLoader\src">
      <UniqueIdentifier>{B84008DC-4B5E-271B-05DA-D8C8}</UniqueIdentifier>
    </Filter>
    <Filter Include="addons\ofxAssimpModelLoader\libs">
      <UniqueIdentifier>{3D854F79-FA4A-75FA-FC0A-2B25}</UniqueIdentifier>
    </Filter>
    <Filter Include="addons\ofxAssimpModelLoader\libs\assimp">
      <UniqueIdentifier>{FE8B5295-D3A7-B9CD-89C9-2613}</UniqueIdentifier>
    </Filter>
    <Filter Include="addons\ofxAssimpModelLoader\libs\assimp\include">
      <UniqueIdentifier>{EDC34C4F-5D44-FB76-337E-EE48}</UniqueIdentifier>
    </Filter>
    <Filter Include="addons\ofxAssimpModelLoader\libs\assimp\include\assimp">
      <UniqueIdentifier>{E66BABFA-76A1-EB8D-40FF-B940}</UniqueIdentifier>
    </Filter>
    <Filter Include="addons\ofxAssimpModelLoader\libs\assimp\include\assimp\Compiler">
      <UniqueIdentifier>{A0C31C2E-6C01-8850-3B72-C818}</UniqueIdentifier>
    </Filter>
    <Filter Include="addons\ofxBeat">
      <UniqueIdentifier>{23D7FB73-0E96-F7FC-A76A-B759}</UniqueIdentifier>
    </Filter>
    <Filter Include="addons\ofxBeat\src">
      <UniqueIdentifier>{CF30EBAD-F09F-E818-90C6-2B6A}</UniqueIdentifier>
    </Filter>
    <Filter Include="addons\ofxGui">
      <UniqueIdentifier>{4F2A59AF-5F4E-704B-D067-EC13}</UniqueIdentifier>
    </Filter>
    <Filter Include="addons\ofxGui\src">
      <UniqueIdentifier>{645E9533-4DCD-6179-1CDF-CB65}</UniqueIdentifier>
    </Filter>
    <Filter Include="addons\ofxKinect">
      <UniqueIdentifier>{B7F05916-2DAA-8604-92E8-9A28}</UniqueIdentifier>
    </Filter>
    <Filter Include="addons\ofxKinect\src">
      <UniqueIdentifier>{C16604A1-D9F2-E615-4352-057F}</UniqueIdentifier>
    </Filter>
    <Filter Include="addons\ofxKinect\src\extra">
      <UniqueIdentifier>{7EB153FE-B71B-8161-D6DE-947F}</UniqueIdentifier>
    </Filter>
    <Filter Include="addons\ofxKinect\libs">
      <UniqueIdentifier>{3BE4DDBD-E9EF-0189-E5FD-4477}</UniqueIdentifier>
    </Filter>
    <Filter Include="addons\ofxKinect\libs\libfreenect">
      <UniqueIdentifier>{6416D445-F422-712E-EDA0-F45E}</UniqueIdentifier>
    </Filter>
    <Filter Include="addons\ofxKinect\libs\libfreenect\include">
      <UniqueIdentifier>{F7A2459D-BD30-38D3-05BB-4653}</UniqueIdentifier>
    </Filter>
    <Filter Include="addons\ofxKinect\libs\libfreenect\platform">
      <UniqueIdentifier>{7103C6E1-7CB0-0812-CF4A-0C3F}</UniqueIdentifier>
    </Filter>
    <Filter Include="addons\ofxKinect\libs\libfreenect\platform\windows">
      <UniqueIdentifier>{6FC8E074-DEF7-EC60-8276-5D23}</UniqueIdentifier>
    </Filter>
    <Filter Include="addons\ofxKinect\libs\libfreenect\platform\windows\libusb10emu">
      <UniqueIdentifier>{BA4C2EF6-D0B5-7776-4EAC-8747}</UniqueIdentifier>
    </Filter>
    <Filter Include="addons\ofxKinect\libs\libfreenect\platform\windows\libusb10emu\libusb-1.0">
      <UniqueIdentifier>{3454A2E9-B42D-4841-319D-5EC4}</UniqueIdentifier>
    </Filter>
    <Filter Include="addons\ofxKinect\libs\libfreenect\src">
      <UniqueIdentifier>{62D6194F-F881-A1EE-EF63-07E8}</UniqueIdentifier>
    </Filter>
    <Filter Include="addons\ofxKinect\libs\libusb-1.0">
      <UniqueIdentifier>{5838B809-7FFE-7F4F-F59D-CD6F}</UniqueIdentifier>
    </Filter>
    <Filter Include="addons\ofxKinect\libs\libusb-1.0\include">
      <UniqueIdentifier>{E7C89560-D6AC-0A54-F045-7C6A}</UniqueIdentifier>
    </Filter>
    <Filter Include="addons\ofxKinect\libs\libusb-1.0\include\libusb-1.0">
      <UniqueIdentifier>{18315E5D-B960-517E-8B9F-6870}</UniqueIdentifier>
    </Filter>
    <Filter Include="addons\ofxKinect\libs\libusb-win32">
      <UniqueIdentifier>{8A8ECFF4-1224-885A-A8CA-E99F}</UniqueIdentifier>
    </Filter>
    <Filter Include="addons\ofxKinect\libs\libusb-win32\include">
      <UniqueIdentifier>{D1AFEAD3-991A-EAD4-639C-4098}</UniqueIdentifier>
    </Filter>
    <Filter Include="other">
      <UniqueIdentifier>{A2230F47-9F6B-908F-FF0E-E006}</UniqueIdentifier>
    </Filter>
    <Filter Include="addons\ofxMidi">
      <UniqueIdentifier>{4DF4D977-A753-531B-5057-9AC1}</UniqueIdentifier>
    </Filter>
    <Filter Include="addons\ofxMidi\src">
      <UniqueIdentifier>{7EED8620-FDD5-520C-3F5D-2677}</UniqueIdentifier>
    </Filter>
    <Filter Include="addons\ofxMidi\src\desktop">
      <UniqueIdentifier>{03CA45A4-AB22-A57E-895E-C6BC}</UniqueIdentifier>
    </Filter>
    <Filter Include="addons\ofxMidi\libs">
      <UniqueIdentifier>{B8086AD6-372B-1A12-88A6-74F9}</UniqueIdentifier>
    </Filter>
    <Filter Include="addons\ofxMidi\libs\rtmidi">
      <UniqueIdentifier>{8E6C5628-3502-6F01-4B1D-AEAE}</UniqueIdentifier>
    </Filter>
    <Filter Include="addons\ofxMSABPMTapper">
      <UniqueIdentifier>{DFD5AD35-006E-2520-0233-5C29}</UniqueIdentifier>
    </Filter>
    <Filter Include="addons\ofxMSABPMTapper\src">
      <UniqueIdentifier>{341E9010-5C2E-E0B4-15E6-895E}</UniqueIdentifier>
    </Filter>
    <Filter Include="addons\ofxMSATimer">
      <UniqueIdentifier>{FA2C7F81-95AD-913A-95EE-6D67}</UniqueIdentifier>
    </Filter>
    <Filter Include="addons\ofxMSATimer\src">
      <UniqueIdentifier>{21227B69-34BA-DC94-65C0-E080}</UniqueIdentifier>
    </Filter>
    <Filter Include="addons\ofxOpenCv">
      <UniqueIdentifier>{FFA81411-43B9-BD99-75AF-1DC3}</UniqueIdentifier>
    </Filter>
    <Filter Include="addons\ofxOpenCv\src">
      <UniqueIdentifier>{00DE84A0-C30B-9800-5466-EA40}</UniqueIdentifier>
    </Filter>
    <Filter Include="addons\ofxOpenCv\libs">
      <UniqueIdentifier>{EFE72F22-7F5A-0F39-EC5E-1382}</UniqueIdentifier>
    </Filter>
    <Filter Include="addons\ofxOpenCv\libs\opencv">
      <UniqueIdentifier>{0391AB06-09E3-B0B3-3E3B-A02B}</UniqueIdentifier>
    </Filter>
    <Filter Include="addons\ofxOpenCv\libs\opencv\include">
      <UniqueIdentifier>{18BB18A3-47A8-9F08-1A3F-16FC}</UniqueIdentifier>
    </Filter>
    <Filter Include="addons\ofxOpenCv\libs\opencv\include\opencv">
      <UniqueIdentifier>{C867B0DE-B007-11B8-C182-5344}</UniqueIdentifier>
    </Filter>
    <Filter Include="addons\ofxOpenCv\libs\opencv\include\opencv2">
      <UniqueIdentifier>{BCD8ABD4-43E3-302D-A2D3-9FE1}</UniqueIdentifier>
    </Filter>
    <Filter Include="addons\ofxOpenCv\libs\opencv\include\opencv2\calib3d">
      <UniqueIdentifier>{E7CFFFA1-9DFA-D919-100C-FDAA}</UniqueIdentifier>
    </Filter>
    <Filter Include="addons\ofxOpenCv\libs\opencv\include\opencv2\contrib">
      <UniqueIdentifier>{776C25CB-CD33-75A7-DF99-B8C6}</UniqueIdentifier>
    </Filter>
    <Filter Include="addons\ofxOpenCv\libs\opencv\include\opencv2\core">
      <UniqueIdentifier>{2ABB36D0-FBE0-DD47-75A8-5882}</UniqueIdentifier>
    </Filter>
    <Filter Include="addons\ofxOpenCv\libs\opencv\include\opencv2\features2d">
      <UniqueIdentifier>{FFED61A2-DA84-E61F-DAA8-23D8}</UniqueIdentifier>
    </Filter>
    <Filter Include="addons\ofxOpenCv\libs\opencv\include\opencv2\flann">
      <UniqueIdentifier>{35E18472-D925-59BD-12EF-E1E6}</UniqueIdentifier>
    </Filter>
    <Filter Include="addons\ofxOpenCv\libs\opencv\include\opencv2\gpu">
      <UniqueIdentifier>{82D85C2C-89A0-69CF-61C4-9983}</UniqueIdentifier>
    </Filter>
    <Filter Include="addons\ofxOpenCv\libs\opencv\include\opencv2\gpu\device">
      <UniqueIdentifier>{87ED3A19-22E3-EF06-2780-6215}</UniqueIdentifier>
    </Filter>
    <Filter Include="addons\ofxOpenCv\libs\opencv\include\opencv2\gpu\device\detail">
      <UniqueIdentifier>{F2467EC2-B4B5-D403-2F39-AA9A}</UniqueIdentifier>
    </Filter>
    <Filter Include="addons\ofxOpenCv\libs\opencv\include\opencv2\highgui">
      <UniqueIdentifier>{C5146E31-2B8E-4299-4FB2-2347}</UniqueIdentifier>
    </Filter>
    <Filter Include="addons\ofxOpenCv\libs\opencv\include\opencv2\imgproc">
      <UniqueIdentifier>{E61CD652-51B9-BCE9-A2EB-3331}</UniqueIdentifier>
    </Filter>
    <Filter Include="addons\ofxOpenCv\libs\opencv\include\opencv2\legacy">
      <UniqueIdentifier>{4588FFD4-3240-6021-CF1C-66D1}</UniqueIdentifier>
    </Filter>
    <Filter Include="addons\ofxOpenCv\libs\opencv\include\opencv2\ml">
      <UniqueIdentifier>{C217A119-B337-C774-4EDA-1ACC}</UniqueIdentifier>
    </Filter>
    <Filter Include="addons\ofxOpenCv\libs\opencv\include\opencv2\nonfree">
      <UniqueIdentifier>{8C35B9C2-29E6-F32E-3851-F20E}</UniqueIdentifier>
    </Filter>
    <Filter Include="addons\ofxOpenCv\libs\opencv\include\opencv2\objdetect">
      <UniqueIdentifier>{D1260DF5-DCB4-6729-CD66-ED90}</UniqueIdentifier>
    </Filter>
    <Filter Include="addons\ofxOpenCv\libs\opencv\include\opencv2\photo">
      <UniqueIdentifier>{450E6EA2-482C-4DAE-EF14-EE48}</UniqueIdentifier>
    </Filter>
    <Filter Include="addons\ofxOpenCv\libs\opencv\include\opencv2\stitching">
      <UniqueIdentifier>{EA043335-259C-BCEC-5E49-545A}</UniqueIdentifier>
    </Filter>
    <Filter Include="addons\ofxOpenCv\libs\opencv\include\opencv2\stitching\detail">
      <UniqueIdentifier>{21D034AC-F39C-E724-350A-C7B6}</UniqueIdentifier>
    </Filter>
    <Filter Include="addons\ofxOpenCv\libs\opencv\include\opencv2\superres">
      <UniqueIdentifier>{D2BBE5C7-0D36-257F-DD81-67F0}</UniqueIdentifier>
    </Filter>
    <Filter Include="addons\ofxOpenCv\libs\opencv\include\opencv2\ts">
      <UniqueIdentifier>{AA1539ED-A548-EDA6-1094-37FD}</UniqueIdentifier>
    </Filter>
    <Filter Include="addons\ofxOpenCv\libs\opencv\include\opencv2\video">
      <UniqueIdentifier>{61E04F54-C77F-B674-C2AB-FEC2}</UniqueIdentifier>
    </Filter>
    <Filter Include="addons\ofxOpenCv\libs\opencv\include\opencv2\videostab">
      <UniqueIdentifier>{D4F01CB4-61E3-5965-F3B1-CFB9}</UniqueIdentifier>
    </Filter>
    <Filter Include="addons\ofxOpenVJ">
      <UniqueIdentifier>{C64399E4-1015-7B4E-9368-F901}</UniqueIdentifier>
    </Filter>
    <Filter Include="addons\ofxOpenVJ\src">
      <UniqueIdentifier>{82A42486-67F9-0C5E-9749-3E68}</UniqueIdentifier>
    </Filter>
    <Filter Include="addons\ofxPostGlitch">
      <UniqueIdentifier>{66D05AF6-691D-5638-3F0E-8850}</UniqueIdentifier>
    </Filter>
    <Filter Include="addons\ofxPostGlitch\src">
      <UniqueIdentifier>{E5FAED91-B2A2-347D-7780-5FE2}</UniqueIdentifier>
    </Filter>
    <Filter Include="addons\ofxPostProcessing">
      <UniqueIdentifier>{AB514210-24FF-87A6-AE4B-9AE5}</UniqueIdentifier>
    </Filter>
    <Filter Include="addons\ofxPostProcessing\src">
      <UniqueIdentifier>{8E4D751F-6272-927D-3C6E-AFCE}</UniqueIdentifier>
    </Filter>
    <Filter Include="addons\ofxSimpleMask">
      <UniqueIdentifier>{2010F96F-76D4-AEE6-07D5-36FE}</UniqueIdentifier>
    </Filter>
    <Filter Include="addons\ofxSimpleMask\src">
      <UniqueIdentifier>{FA9D5909-0C13-FB2D-1777-6ABB}</UniqueIdentifier>
    </Filter>
    <Filter Include="addons\ofxSimpleTimer">
      <UniqueIdentifier>{67B1FAFA-33D3-D829-7FCB-AD6C}</UniqueIdentifier>
    </Filter>
    <Filter Include="addons\ofxSimpleTimer\src">
      <UniqueIdentifier>{7C1F1220-3AE3-9AAB-9425-CE90}</UniqueIdentifier>
    </Filter>
    <Filter Include="addons\ofxSpout">
      <UniqueIdentifier>{F4DD1F4F-E479-F60E-B010-30BD}</UniqueIdentifier>
    </Filter>
    <Filter Include="addons\ofxSpout\src">
      <UniqueIdentifier>{836FBDC0-375C-97EA-F6ED-9730}</UniqueIdentifier>
    </Filter>
    <Filter Include="addons\ofxSpout\libs">
      <UniqueIdentifier>{7070A9E6-A71C-4358-F0E4-3D28}</UniqueIdentifier>
    </Filter>
    <Filter Include="addons\ofxSpout\libs\include">
      <UniqueIdentifier>{F563295D-7DBE-19DF-3FC9-BC5F}</UniqueIdentifier>
    </Filter>
    <Filter Include="addons\ofxTweenzor">
      <UniqueIdentifier>{01C39FF4-5B53-3070-C89A-1750}</UniqueIdentifier>
    </Filter>
    <Filter Include="addons\ofxTweenzor\src">
      <UniqueIdentifier>{5D58D81D-C685-E91E-0E62-80F4}</UniqueIdentifier>
    </Filter>
    <Filter Include="addons\ofxXmlSettings">
      <UniqueIdentifier>{877F005D-13E6-0592-1D97-F2E3}</UniqueIdentifier>
    </Filter>
    <Filter Include="addons\ofxXmlSettings\src">
      <UniqueIdentifier>{CCB2AC63-49D2-977C-CFE8-AEAD}</UniqueIdentifier>
    </Filter>
    <Filter Include="addons\ofxXmlSettings\libs">
      <UniqueIdentifier>{687714A8-1662-FA1C-261F-50F0}</UniqueIdentifier>
    </Filter>
    <Filter Include="addons\ofxThreadedImageLoader">
      <UniqueIdentifier>{2c27ebc9-b44a-4cd3-84eb-317e7db380a6}</UniqueIdentifier>
    </Filter>
    <Filter Include="addons\ofxThreadedImageLoader\src">
      <UniqueIdentifier>{386b2d6a-342f-490c-a855-346a48bcf69a}</UniqueIdentifier>
    </Filter>
    <Filter Include="src\scenes">
      <UniqueIdentifier>{534ae72b-c6f8-4917-ae81-ba051f07bd2d}</UniqueIdentifier>
    </Filter>
    <Filter Include="addons\ofxGif">
      <UniqueIdentifier>{3325716c-086b-416f-8fac-19eea2df9f86}</UniqueIdentifier>
    </Filter>
    <Filter Include="addons\ofxGif\src">
      <UniqueIdentifier>{70b593bb-8019-455a-b056-ae3cc43b3c38}</UniqueIdentifier>
    </Filter>
    <Filter Include="addons\ofxHeliosLibs">
      <UniqueIdentifier>{5b5e0b37-c86b-4c68-a299-fdbd789ec997}</UniqueIdentifier>
    </Filter>
    <Filter Include="addons\ofxHeliosLibs\src">
      <UniqueIdentifier>{1918ac14-e071-4e97-b615-2de555a4e380}</UniqueIdentifier>
    </Filter>
    <Filter Include="addons\ofxHeliosLibs\src\ofxAlphaStack">
      <UniqueIdentifier>{39dc9e0b-b657-45e2-80e2-6b3bab6ac42e}</UniqueIdentifier>
    </Filter>
    <Filter Include="addons\ofxHeliosLibs\src\ofxAlphaStack\src">
      <UniqueIdentifier>{3b580064-cf86-4b96-a95f-b69efd56000b}</UniqueIdentifier>
    </Filter>
  </ItemGroup>
  <ItemGroup>
    <ClInclude Include="src\ofApp.h">
      <Filter>src</Filter>
    </ClInclude>
    <ClInclude Include="src\ofApp.h">
      <Filter>src</Filter>
    </ClInclude>
    <ClInclude Include="src\SceneList.h">
      <Filter>src</Filter>
    </ClInclude>
    <ClInclude Include="..\..\..\..\addons\ofx3DModelLoader\src\3DS\model3DS.h">
      <Filter>addons\ofx3DModelLoader\src\3DS</Filter>
    </ClInclude>
    <ClInclude Include="..\..\..\..\addons\ofx3DModelLoader\src\3DS\texture3DS.h">
      <Filter>addons\ofx3DModelLoader\src\3DS</Filter>
    </ClInclude>
    <ClInclude Include="..\..\..\..\addons\ofx3DModelLoader\src\3DS\Vector3DS.h">
      <Filter>addons\ofx3DModelLoader\src\3DS</Filter>
    </ClInclude>
    <ClInclude Include="..\..\..\..\addons\ofx3DModelLoader\src\ofx3DBaseLoader.h">
      <Filter>addons\ofx3DModelLoader\src</Filter>
    </ClInclude>
    <ClInclude Include="..\..\..\..\addons\ofx3DModelLoader\src\ofx3DModelLoader.h">
      <Filter>addons\ofx3DModelLoader\src</Filter>
    </ClInclude>
    <ClInclude Include="..\..\..\..\addons\ofxAssimpModelLoader\src\ofxAssimpAnimation.h">
      <Filter>addons\ofxAssimpModelLoader\src</Filter>
    </ClInclude>
    <ClInclude Include="..\..\..\..\addons\ofxAssimpModelLoader\src\ofxAssimpMeshHelper.h">
      <Filter>addons\ofxAssimpModelLoader\src</Filter>
    </ClInclude>
    <ClInclude Include="..\..\..\..\addons\ofxAssimpModelLoader\src\ofxAssimpModelLoader.h">
      <Filter>addons\ofxAssimpModelLoader\src</Filter>
    </ClInclude>
    <ClInclude Include="..\..\..\..\addons\ofxAssimpModelLoader\src\ofxAssimpTexture.h">
      <Filter>addons\ofxAssimpModelLoader\src</Filter>
    </ClInclude>
    <ClInclude Include="..\..\..\..\addons\ofxAssimpModelLoader\src\ofxAssimpUtils.h">
      <Filter>addons\ofxAssimpModelLoader\src</Filter>
    </ClInclude>
    <ClInclude Include="..\..\..\..\addons\ofxAssimpModelLoader\libs\assimp\include\assimp\ai_assert.h">
      <Filter>addons\ofxAssimpModelLoader\libs\assimp\include\assimp</Filter>
    </ClInclude>
    <ClInclude Include="..\..\..\..\addons\ofxAssimpModelLoader\libs\assimp\include\assimp\anim.h">
      <Filter>addons\ofxAssimpModelLoader\libs\assimp\include\assimp</Filter>
    </ClInclude>
    <ClInclude Include="..\..\..\..\addons\ofxAssimpModelLoader\libs\assimp\include\assimp\camera.h">
      <Filter>addons\ofxAssimpModelLoader\libs\assimp\include\assimp</Filter>
    </ClInclude>
    <ClInclude Include="..\..\..\..\addons\ofxAssimpModelLoader\libs\assimp\include\assimp\cexport.h">
      <Filter>addons\ofxAssimpModelLoader\libs\assimp\include\assimp</Filter>
    </ClInclude>
    <ClInclude Include="..\..\..\..\addons\ofxAssimpModelLoader\libs\assimp\include\assimp\cfileio.h">
      <Filter>addons\ofxAssimpModelLoader\libs\assimp\include\assimp</Filter>
    </ClInclude>
    <ClInclude Include="..\..\..\..\addons\ofxAssimpModelLoader\libs\assimp\include\assimp\cimport.h">
      <Filter>addons\ofxAssimpModelLoader\libs\assimp\include\assimp</Filter>
    </ClInclude>
    <ClInclude Include="..\..\..\..\addons\ofxAssimpModelLoader\libs\assimp\include\assimp\color4.h">
      <Filter>addons\ofxAssimpModelLoader\libs\assimp\include\assimp</Filter>
    </ClInclude>
    <ClInclude Include="..\..\..\..\addons\ofxAssimpModelLoader\libs\assimp\include\assimp\Compiler\poppack1.h">
      <Filter>addons\ofxAssimpModelLoader\libs\assimp\include\assimp\Compiler</Filter>
    </ClInclude>
    <ClInclude Include="..\..\..\..\addons\ofxAssimpModelLoader\libs\assimp\include\assimp\Compiler\pstdint.h">
      <Filter>addons\ofxAssimpModelLoader\libs\assimp\include\assimp\Compiler</Filter>
    </ClInclude>
    <ClInclude Include="..\..\..\..\addons\ofxAssimpModelLoader\libs\assimp\include\assimp\Compiler\pushpack1.h">
      <Filter>addons\ofxAssimpModelLoader\libs\assimp\include\assimp\Compiler</Filter>
    </ClInclude>
    <ClInclude Include="..\..\..\..\addons\ofxAssimpModelLoader\libs\assimp\include\assimp\config.h">
      <Filter>addons\ofxAssimpModelLoader\libs\assimp\include\assimp</Filter>
    </ClInclude>
    <ClInclude Include="..\..\..\..\addons\ofxAssimpModelLoader\libs\assimp\include\assimp\DefaultLogger.hpp">
      <Filter>addons\ofxAssimpModelLoader\libs\assimp\include\assimp</Filter>
    </ClInclude>
    <ClInclude Include="..\..\..\..\addons\ofxAssimpModelLoader\libs\assimp\include\assimp\defs.h">
      <Filter>addons\ofxAssimpModelLoader\libs\assimp\include\assimp</Filter>
    </ClInclude>
    <ClInclude Include="..\..\..\..\addons\ofxAssimpModelLoader\libs\assimp\include\assimp\Exporter.hpp">
      <Filter>addons\ofxAssimpModelLoader\libs\assimp\include\assimp</Filter>
    </ClInclude>
    <ClInclude Include="..\..\..\..\addons\ofxAssimpModelLoader\libs\assimp\include\assimp\Importer.hpp">
      <Filter>addons\ofxAssimpModelLoader\libs\assimp\include\assimp</Filter>
    </ClInclude>
    <ClInclude Include="..\..\..\..\addons\ofxAssimpModelLoader\libs\assimp\include\assimp\importerdesc.h">
      <Filter>addons\ofxAssimpModelLoader\libs\assimp\include\assimp</Filter>
    </ClInclude>
    <ClInclude Include="..\..\..\..\addons\ofxAssimpModelLoader\libs\assimp\include\assimp\IOStream.hpp">
      <Filter>addons\ofxAssimpModelLoader\libs\assimp\include\assimp</Filter>
    </ClInclude>
    <ClInclude Include="..\..\..\..\addons\ofxAssimpModelLoader\libs\assimp\include\assimp\IOSystem.hpp">
      <Filter>addons\ofxAssimpModelLoader\libs\assimp\include\assimp</Filter>
    </ClInclude>
    <ClInclude Include="..\..\..\..\addons\ofxAssimpModelLoader\libs\assimp\include\assimp\light.h">
      <Filter>addons\ofxAssimpModelLoader\libs\assimp\include\assimp</Filter>
    </ClInclude>
    <ClInclude Include="..\..\..\..\addons\ofxAssimpModelLoader\libs\assimp\include\assimp\Logger.hpp">
      <Filter>addons\ofxAssimpModelLoader\libs\assimp\include\assimp</Filter>
    </ClInclude>
    <ClInclude Include="..\..\..\..\addons\ofxAssimpModelLoader\libs\assimp\include\assimp\LogStream.hpp">
      <Filter>addons\ofxAssimpModelLoader\libs\assimp\include\assimp</Filter>
    </ClInclude>
    <ClInclude Include="..\..\..\..\addons\ofxAssimpModelLoader\libs\assimp\include\assimp\material.h">
      <Filter>addons\ofxAssimpModelLoader\libs\assimp\include\assimp</Filter>
    </ClInclude>
    <ClInclude Include="..\..\..\..\addons\ofxAssimpModelLoader\libs\assimp\include\assimp\matrix3x3.h">
      <Filter>addons\ofxAssimpModelLoader\libs\assimp\include\assimp</Filter>
    </ClInclude>
    <ClInclude Include="..\..\..\..\addons\ofxAssimpModelLoader\libs\assimp\include\assimp\matrix4x4.h">
      <Filter>addons\ofxAssimpModelLoader\libs\assimp\include\assimp</Filter>
    </ClInclude>
    <ClInclude Include="..\..\..\..\addons\ofxAssimpModelLoader\libs\assimp\include\assimp\mesh.h">
      <Filter>addons\ofxAssimpModelLoader\libs\assimp\include\assimp</Filter>
    </ClInclude>
    <ClInclude Include="..\..\..\..\addons\ofxAssimpModelLoader\libs\assimp\include\assimp\metadata.h">
      <Filter>addons\ofxAssimpModelLoader\libs\assimp\include\assimp</Filter>
    </ClInclude>
    <ClInclude Include="..\..\..\..\addons\ofxAssimpModelLoader\libs\assimp\include\assimp\NullLogger.hpp">
      <Filter>addons\ofxAssimpModelLoader\libs\assimp\include\assimp</Filter>
    </ClInclude>
    <ClInclude Include="..\..\..\..\addons\ofxAssimpModelLoader\libs\assimp\include\assimp\postprocess.h">
      <Filter>addons\ofxAssimpModelLoader\libs\assimp\include\assimp</Filter>
    </ClInclude>
    <ClInclude Include="..\..\..\..\addons\ofxAssimpModelLoader\libs\assimp\include\assimp\ProgressHandler.hpp">
      <Filter>addons\ofxAssimpModelLoader\libs\assimp\include\assimp</Filter>
    </ClInclude>
    <ClInclude Include="..\..\..\..\addons\ofxAssimpModelLoader\libs\assimp\include\assimp\quaternion.h">
      <Filter>addons\ofxAssimpModelLoader\libs\assimp\include\assimp</Filter>
    </ClInclude>
    <ClInclude Include="..\..\..\..\addons\ofxAssimpModelLoader\libs\assimp\include\assimp\scene.h">
      <Filter>addons\ofxAssimpModelLoader\libs\assimp\include\assimp</Filter>
    </ClInclude>
    <ClInclude Include="..\..\..\..\addons\ofxAssimpModelLoader\libs\assimp\include\assimp\texture.h">
      <Filter>addons\ofxAssimpModelLoader\libs\assimp\include\assimp</Filter>
    </ClInclude>
    <ClInclude Include="..\..\..\..\addons\ofxAssimpModelLoader\libs\assimp\include\assimp\types.h">
      <Filter>addons\ofxAssimpModelLoader\libs\assimp\include\assimp</Filter>
    </ClInclude>
    <ClInclude Include="..\..\..\..\addons\ofxAssimpModelLoader\libs\assimp\include\assimp\vector2.h">
      <Filter>addons\ofxAssimpModelLoader\libs\assimp\include\assimp</Filter>
    </ClInclude>
    <ClInclude Include="..\..\..\..\addons\ofxAssimpModelLoader\libs\assimp\include\assimp\vector3.h">
      <Filter>addons\ofxAssimpModelLoader\libs\assimp\include\assimp</Filter>
    </ClInclude>
    <ClInclude Include="..\..\..\..\addons\ofxAssimpModelLoader\libs\assimp\include\assimp\version.h">
      <Filter>addons\ofxAssimpModelLoader\libs\assimp\include\assimp</Filter>
    </ClInclude>
    <ClInclude Include="..\..\..\..\addons\ofxBeat\src\fft.h">
      <Filter>addons\ofxBeat\src</Filter>
    </ClInclude>
    <ClInclude Include="..\..\..\..\addons\ofxBeat\src\ofxBeat.h">
      <Filter>addons\ofxBeat\src</Filter>
    </ClInclude>
    <ClInclude Include="..\..\..\..\addons\ofxGui\src\ofxBaseGui.h">
      <Filter>addons\ofxGui\src</Filter>
    </ClInclude>
    <ClInclude Include="..\..\..\..\addons\ofxGui\src\ofxButton.h">
      <Filter>addons\ofxGui\src</Filter>
    </ClInclude>
    <ClInclude Include="..\..\..\..\addons\ofxGui\src\ofxGui.h">
      <Filter>addons\ofxGui\src</Filter>
    </ClInclude>
    <ClInclude Include="..\..\..\..\addons\ofxGui\src\ofxGuiGroup.h">
      <Filter>addons\ofxGui\src</Filter>
    </ClInclude>
    <ClInclude Include="..\..\..\..\addons\ofxGui\src\ofxLabel.h">
      <Filter>addons\ofxGui\src</Filter>
    </ClInclude>
    <ClInclude Include="..\..\..\..\addons\ofxGui\src\ofxPanel.h">
      <Filter>addons\ofxGui\src</Filter>
    </ClInclude>
    <ClInclude Include="..\..\..\..\addons\ofxGui\src\ofxSlider.h">
      <Filter>addons\ofxGui\src</Filter>
    </ClInclude>
    <ClInclude Include="..\..\..\..\addons\ofxGui\src\ofxSliderGroup.h">
      <Filter>addons\ofxGui\src</Filter>
    </ClInclude>
    <ClInclude Include="..\..\..\..\addons\ofxGui\src\ofxToggle.h">
      <Filter>addons\ofxGui\src</Filter>
    </ClInclude>
    <ClInclude Include="..\..\..\..\addons\ofxKinect\src\extra\ofxKinectExtras.h">
      <Filter>addons\ofxKinect\src\extra</Filter>
    </ClInclude>
    <ClInclude Include="..\..\..\..\addons\ofxKinect\src\ofxBase3DVideo.h">
      <Filter>addons\ofxKinect\src</Filter>
    </ClInclude>
    <ClInclude Include="..\..\..\..\addons\ofxKinect\src\ofxKinect.h">
      <Filter>addons\ofxKinect\src</Filter>
    </ClInclude>
    <ClInclude Include="..\..\..\..\addons\ofxKinect\libs\libfreenect\include\libfreenect.h">
      <Filter>addons\ofxKinect\libs\libfreenect\include</Filter>
    </ClInclude>
    <ClInclude Include="..\..\..\..\addons\ofxKinect\libs\libfreenect\include\libfreenect_audio.h">
      <Filter>addons\ofxKinect\libs\libfreenect\include</Filter>
    </ClInclude>
    <ClInclude Include="..\..\..\..\addons\ofxKinect\libs\libfreenect\include\libfreenect_registration.h">
      <Filter>addons\ofxKinect\libs\libfreenect\include</Filter>
    </ClInclude>
    <ClInclude Include="..\..\..\..\addons\ofxKinect\libs\libfreenect\platform\windows\libusb10emu\libusb-1.0\failguard.h">
      <Filter>addons\ofxKinect\libs\libfreenect\platform\windows\libusb10emu\libusb-1.0</Filter>
    </ClInclude>
    <ClInclude Include="..\..\..\..\addons\ofxKinect\libs\libfreenect\platform\windows\libusb10emu\libusb-1.0\libusb.h">
      <Filter>addons\ofxKinect\libs\libfreenect\platform\windows\libusb10emu\libusb-1.0</Filter>
    </ClInclude>
    <ClInclude Include="..\..\..\..\addons\ofxKinect\libs\libfreenect\platform\windows\libusb10emu\libusb-1.0\libusbemu_internal.h">
      <Filter>addons\ofxKinect\libs\libfreenect\platform\windows\libusb10emu\libusb-1.0</Filter>
    </ClInclude>
    <ClInclude Include="..\..\..\..\addons\ofxKinect\libs\libfreenect\platform\windows\libusb10emu\libusb-1.0\libusbemu_threads.h">
      <Filter>addons\ofxKinect\libs\libfreenect\platform\windows\libusb10emu\libusb-1.0</Filter>
    </ClInclude>
    <ClInclude Include="..\..\..\..\addons\ofxKinect\libs\libfreenect\platform\windows\libusb10emu\libusb-1.0\libusbemu_threads_win32.h">
      <Filter>addons\ofxKinect\libs\libfreenect\platform\windows\libusb10emu\libusb-1.0</Filter>
    </ClInclude>
    <ClInclude Include="..\..\..\..\addons\ofxKinect\libs\libfreenect\platform\windows\stdbool.h">
      <Filter>addons\ofxKinect\libs\libfreenect\platform\windows</Filter>
    </ClInclude>
    <ClInclude Include="..\..\..\..\addons\ofxKinect\libs\libfreenect\platform\windows\unistd.h">
      <Filter>addons\ofxKinect\libs\libfreenect\platform\windows</Filter>
    </ClInclude>
    <ClInclude Include="..\..\..\..\addons\ofxKinect\libs\libfreenect\src\cameras.h">
      <Filter>addons\ofxKinect\libs\libfreenect\src</Filter>
    </ClInclude>
    <ClInclude Include="..\..\..\..\addons\ofxKinect\libs\libfreenect\src\flags.h">
      <Filter>addons\ofxKinect\libs\libfreenect\src</Filter>
    </ClInclude>
    <ClInclude Include="..\..\..\..\addons\ofxKinect\libs\libfreenect\src\freenect_internal.h">
      <Filter>addons\ofxKinect\libs\libfreenect\src</Filter>
    </ClInclude>
    <ClInclude Include="..\..\..\..\addons\ofxKinect\libs\libfreenect\src\keep_alive.h">
      <Filter>addons\ofxKinect\libs\libfreenect\src</Filter>
    </ClInclude>
    <ClInclude Include="..\..\..\..\addons\ofxKinect\libs\libfreenect\src\loader.h">
      <Filter>addons\ofxKinect\libs\libfreenect\src</Filter>
    </ClInclude>
    <ClInclude Include="..\..\..\..\addons\ofxKinect\libs\libfreenect\src\registration.h">
      <Filter>addons\ofxKinect\libs\libfreenect\src</Filter>
    </ClInclude>
    <ClInclude Include="..\..\..\..\addons\ofxKinect\libs\libfreenect\src\usb_libusb10.h">
      <Filter>addons\ofxKinect\libs\libfreenect\src</Filter>
    </ClInclude>
    <ClInclude Include="..\..\..\..\addons\ofxKinect\libs\libusb-1.0\include\libusb-1.0\libusb.h">
      <Filter>addons\ofxKinect\libs\libusb-1.0\include\libusb-1.0</Filter>
    </ClInclude>
    <ClInclude Include="..\..\..\..\addons\ofxKinect\libs\libusb-win32\include\lusb0_usb.h">
      <Filter>addons\ofxKinect\libs\libusb-win32\include</Filter>
    </ClInclude>
    <ClInclude Include="..\..\..\..\addons\ofxMidi\src\desktop\ofxRtMidiIn.h">
      <Filter>addons\ofxMidi\src\desktop</Filter>
    </ClInclude>
    <ClInclude Include="..\..\..\..\addons\ofxMidi\src\desktop\ofxRtMidiOut.h">
      <Filter>addons\ofxMidi\src\desktop</Filter>
    </ClInclude>
    <ClInclude Include="..\..\..\..\addons\ofxMidi\src\ofxBaseMidi.h">
      <Filter>addons\ofxMidi\src</Filter>
    </ClInclude>
    <ClInclude Include="..\..\..\..\addons\ofxMidi\src\ofxMidi.h">
      <Filter>addons\ofxMidi\src</Filter>
    </ClInclude>
    <ClInclude Include="..\..\..\..\addons\ofxMidi\src\ofxMidiConstants.h">
      <Filter>addons\ofxMidi\src</Filter>
    </ClInclude>
    <ClInclude Include="..\..\..\..\addons\ofxMidi\src\ofxMidiIn.h">
      <Filter>addons\ofxMidi\src</Filter>
    </ClInclude>
    <ClInclude Include="..\..\..\..\addons\ofxMidi\src\ofxMidiMessage.h">
      <Filter>addons\ofxMidi\src</Filter>
    </ClInclude>
    <ClInclude Include="..\..\..\..\addons\ofxMidi\src\ofxMidiOut.h">
      <Filter>addons\ofxMidi\src</Filter>
    </ClInclude>
    <ClInclude Include="..\..\..\..\addons\ofxMidi\src\ofxMidiTypes.h">
      <Filter>addons\ofxMidi\src</Filter>
    </ClInclude>
    <ClInclude Include="..\..\..\..\addons\ofxMidi\libs\rtmidi\RtMidi.h">
      <Filter>addons\ofxMidi\libs\rtmidi</Filter>
    </ClInclude>
    <ClInclude Include="..\..\..\..\addons\ofxMSABPMTapper\src\MSABPMTapper.h">
      <Filter>addons\ofxMSABPMTapper\src</Filter>
    </ClInclude>
    <ClInclude Include="..\..\..\..\addons\ofxMSATimer\src\MSATimer.h">
      <Filter>addons\ofxMSATimer\src</Filter>
    </ClInclude>
    <ClInclude Include="..\..\..\..\addons\ofxOpenCv\src\ofxCvBlob.h">
      <Filter>addons\ofxOpenCv\src</Filter>
    </ClInclude>
    <ClInclude Include="..\..\..\..\addons\ofxOpenCv\src\ofxCvColorImage.h">
      <Filter>addons\ofxOpenCv\src</Filter>
    </ClInclude>
    <ClInclude Include="..\..\..\..\addons\ofxOpenCv\src\ofxCvConstants.h">
      <Filter>addons\ofxOpenCv\src</Filter>
    </ClInclude>
    <ClInclude Include="..\..\..\..\addons\ofxOpenCv\src\ofxCvContourFinder.h">
      <Filter>addons\ofxOpenCv\src</Filter>
    </ClInclude>
    <ClInclude Include="..\..\..\..\addons\ofxOpenCv\src\ofxCvFloatImage.h">
      <Filter>addons\ofxOpenCv\src</Filter>
    </ClInclude>
    <ClInclude Include="..\..\..\..\addons\ofxOpenCv\src\ofxCvGrayscaleImage.h">
      <Filter>addons\ofxOpenCv\src</Filter>
    </ClInclude>
    <ClInclude Include="..\..\..\..\addons\ofxOpenCv\src\ofxCvHaarFinder.h">
      <Filter>addons\ofxOpenCv\src</Filter>
    </ClInclude>
    <ClInclude Include="..\..\..\..\addons\ofxOpenCv\src\ofxCvImage.h">
      <Filter>addons\ofxOpenCv\src</Filter>
    </ClInclude>
    <ClInclude Include="..\..\..\..\addons\ofxOpenCv\src\ofxCvShortImage.h">
      <Filter>addons\ofxOpenCv\src</Filter>
    </ClInclude>
    <ClInclude Include="..\..\..\..\addons\ofxOpenCv\src\ofxOpenCv.h">
      <Filter>addons\ofxOpenCv\src</Filter>
    </ClInclude>
    <ClInclude Include="..\..\..\..\addons\ofxOpenCv\libs\opencv\include\opencv\cv.h">
      <Filter>addons\ofxOpenCv\libs\opencv\include\opencv</Filter>
    </ClInclude>
    <ClInclude Include="..\..\..\..\addons\ofxOpenCv\libs\opencv\include\opencv\cv.hpp">
      <Filter>addons\ofxOpenCv\libs\opencv\include\opencv</Filter>
    </ClInclude>
    <ClInclude Include="..\..\..\..\addons\ofxOpenCv\libs\opencv\include\opencv\cvaux.h">
      <Filter>addons\ofxOpenCv\libs\opencv\include\opencv</Filter>
    </ClInclude>
    <ClInclude Include="..\..\..\..\addons\ofxOpenCv\libs\opencv\include\opencv\cvaux.hpp">
      <Filter>addons\ofxOpenCv\libs\opencv\include\opencv</Filter>
    </ClInclude>
    <ClInclude Include="..\..\..\..\addons\ofxOpenCv\libs\opencv\include\opencv\cvwimage.h">
      <Filter>addons\ofxOpenCv\libs\opencv\include\opencv</Filter>
    </ClInclude>
    <ClInclude Include="..\..\..\..\addons\ofxOpenCv\libs\opencv\include\opencv\cxcore.h">
      <Filter>addons\ofxOpenCv\libs\opencv\include\opencv</Filter>
    </ClInclude>
    <ClInclude Include="..\..\..\..\addons\ofxOpenCv\libs\opencv\include\opencv\cxcore.hpp">
      <Filter>addons\ofxOpenCv\libs\opencv\include\opencv</Filter>
    </ClInclude>
    <ClInclude Include="..\..\..\..\addons\ofxOpenCv\libs\opencv\include\opencv\cxeigen.hpp">
      <Filter>addons\ofxOpenCv\libs\opencv\include\opencv</Filter>
    </ClInclude>
    <ClInclude Include="..\..\..\..\addons\ofxOpenCv\libs\opencv\include\opencv\cxmisc.h">
      <Filter>addons\ofxOpenCv\libs\opencv\include\opencv</Filter>
    </ClInclude>
    <ClInclude Include="..\..\..\..\addons\ofxOpenCv\libs\opencv\include\opencv\highgui.h">
      <Filter>addons\ofxOpenCv\libs\opencv\include\opencv</Filter>
    </ClInclude>
    <ClInclude Include="..\..\..\..\addons\ofxOpenCv\libs\opencv\include\opencv\ml.h">
      <Filter>addons\ofxOpenCv\libs\opencv\include\opencv</Filter>
    </ClInclude>
    <ClInclude Include="..\..\..\..\addons\ofxOpenCv\libs\opencv\include\opencv2\calib3d\calib3d.hpp">
      <Filter>addons\ofxOpenCv\libs\opencv\include\opencv2\calib3d</Filter>
    </ClInclude>
    <ClInclude Include="..\..\..\..\addons\ofxOpenCv\libs\opencv\include\opencv2\contrib\contrib.hpp">
      <Filter>addons\ofxOpenCv\libs\opencv\include\opencv2\contrib</Filter>
    </ClInclude>
    <ClInclude Include="..\..\..\..\addons\ofxOpenCv\libs\opencv\include\opencv2\contrib\detection_based_tracker.hpp">
      <Filter>addons\ofxOpenCv\libs\opencv\include\opencv2\contrib</Filter>
    </ClInclude>
    <ClInclude Include="..\..\..\..\addons\ofxOpenCv\libs\opencv\include\opencv2\contrib\hybridtracker.hpp">
      <Filter>addons\ofxOpenCv\libs\opencv\include\opencv2\contrib</Filter>
    </ClInclude>
    <ClInclude Include="..\..\..\..\addons\ofxOpenCv\libs\opencv\include\opencv2\contrib\openfabmap.hpp">
      <Filter>addons\ofxOpenCv\libs\opencv\include\opencv2\contrib</Filter>
    </ClInclude>
    <ClInclude Include="..\..\..\..\addons\ofxOpenCv\libs\opencv\include\opencv2\contrib\retina.hpp">
      <Filter>addons\ofxOpenCv\libs\opencv\include\opencv2\contrib</Filter>
    </ClInclude>
    <ClInclude Include="..\..\..\..\addons\ofxOpenCv\libs\opencv\include\opencv2\core\affine.hpp">
      <Filter>addons\ofxOpenCv\libs\opencv\include\opencv2\core</Filter>
    </ClInclude>
    <ClInclude Include="..\..\..\..\addons\ofxOpenCv\libs\opencv\include\opencv2\core\core.hpp">
      <Filter>addons\ofxOpenCv\libs\opencv\include\opencv2\core</Filter>
    </ClInclude>
    <ClInclude Include="..\..\..\..\addons\ofxOpenCv\libs\opencv\include\opencv2\core\core_c.h">
      <Filter>addons\ofxOpenCv\libs\opencv\include\opencv2\core</Filter>
    </ClInclude>
    <ClInclude Include="..\..\..\..\addons\ofxOpenCv\libs\opencv\include\opencv2\core\cuda_devptrs.hpp">
      <Filter>addons\ofxOpenCv\libs\opencv\include\opencv2\core</Filter>
    </ClInclude>
    <ClInclude Include="..\..\..\..\addons\ofxOpenCv\libs\opencv\include\opencv2\core\devmem2d.hpp">
      <Filter>addons\ofxOpenCv\libs\opencv\include\opencv2\core</Filter>
    </ClInclude>
    <ClInclude Include="..\..\..\..\addons\ofxOpenCv\libs\opencv\include\opencv2\core\eigen.hpp">
      <Filter>addons\ofxOpenCv\libs\opencv\include\opencv2\core</Filter>
    </ClInclude>
    <ClInclude Include="..\..\..\..\addons\ofxOpenCv\libs\opencv\include\opencv2\core\gpumat.hpp">
      <Filter>addons\ofxOpenCv\libs\opencv\include\opencv2\core</Filter>
    </ClInclude>
    <ClInclude Include="..\..\..\..\addons\ofxOpenCv\libs\opencv\include\opencv2\core\internal.hpp">
      <Filter>addons\ofxOpenCv\libs\opencv\include\opencv2\core</Filter>
    </ClInclude>
    <ClInclude Include="..\..\..\..\addons\ofxOpenCv\libs\opencv\include\opencv2\core\mat.hpp">
      <Filter>addons\ofxOpenCv\libs\opencv\include\opencv2\core</Filter>
    </ClInclude>
    <ClInclude Include="..\..\..\..\addons\ofxOpenCv\libs\opencv\include\opencv2\core\opengl_interop.hpp">
      <Filter>addons\ofxOpenCv\libs\opencv\include\opencv2\core</Filter>
    </ClInclude>
    <ClInclude Include="..\..\..\..\addons\ofxOpenCv\libs\opencv\include\opencv2\core\opengl_interop_deprecated.hpp">
      <Filter>addons\ofxOpenCv\libs\opencv\include\opencv2\core</Filter>
    </ClInclude>
    <ClInclude Include="..\..\..\..\addons\ofxOpenCv\libs\opencv\include\opencv2\core\operations.hpp">
      <Filter>addons\ofxOpenCv\libs\opencv\include\opencv2\core</Filter>
    </ClInclude>
    <ClInclude Include="..\..\..\..\addons\ofxOpenCv\libs\opencv\include\opencv2\core\types_c.h">
      <Filter>addons\ofxOpenCv\libs\opencv\include\opencv2\core</Filter>
    </ClInclude>
    <ClInclude Include="..\..\..\..\addons\ofxOpenCv\libs\opencv\include\opencv2\core\version.hpp">
      <Filter>addons\ofxOpenCv\libs\opencv\include\opencv2\core</Filter>
    </ClInclude>
    <ClInclude Include="..\..\..\..\addons\ofxOpenCv\libs\opencv\include\opencv2\core\wimage.hpp">
      <Filter>addons\ofxOpenCv\libs\opencv\include\opencv2\core</Filter>
    </ClInclude>
    <ClInclude Include="..\..\..\..\addons\ofxOpenCv\libs\opencv\include\opencv2\features2d\features2d.hpp">
      <Filter>addons\ofxOpenCv\libs\opencv\include\opencv2\features2d</Filter>
    </ClInclude>
    <ClInclude Include="..\..\..\..\addons\ofxOpenCv\libs\opencv\include\opencv2\flann\allocator.h">
      <Filter>addons\ofxOpenCv\libs\opencv\include\opencv2\flann</Filter>
    </ClInclude>
    <ClInclude Include="..\..\..\..\addons\ofxOpenCv\libs\opencv\include\opencv2\flann\all_indices.h">
      <Filter>addons\ofxOpenCv\libs\opencv\include\opencv2\flann</Filter>
    </ClInclude>
    <ClInclude Include="..\..\..\..\addons\ofxOpenCv\libs\opencv\include\opencv2\flann\any.h">
      <Filter>addons\ofxOpenCv\libs\opencv\include\opencv2\flann</Filter>
    </ClInclude>
    <ClInclude Include="..\..\..\..\addons\ofxOpenCv\libs\opencv\include\opencv2\flann\autotuned_index.h">
      <Filter>addons\ofxOpenCv\libs\opencv\include\opencv2\flann</Filter>
    </ClInclude>
    <ClInclude Include="..\..\..\..\addons\ofxOpenCv\libs\opencv\include\opencv2\flann\composite_index.h">
      <Filter>addons\ofxOpenCv\libs\opencv\include\opencv2\flann</Filter>
    </ClInclude>
    <ClInclude Include="..\..\..\..\addons\ofxOpenCv\libs\opencv\include\opencv2\flann\config.h">
      <Filter>addons\ofxOpenCv\libs\opencv\include\opencv2\flann</Filter>
    </ClInclude>
    <ClInclude Include="..\..\..\..\addons\ofxOpenCv\libs\opencv\include\opencv2\flann\defines.h">
      <Filter>addons\ofxOpenCv\libs\opencv\include\opencv2\flann</Filter>
    </ClInclude>
    <ClInclude Include="..\..\..\..\addons\ofxOpenCv\libs\opencv\include\opencv2\flann\dist.h">
      <Filter>addons\ofxOpenCv\libs\opencv\include\opencv2\flann</Filter>
    </ClInclude>
    <ClInclude Include="..\..\..\..\addons\ofxOpenCv\libs\opencv\include\opencv2\flann\dummy.h">
      <Filter>addons\ofxOpenCv\libs\opencv\include\opencv2\flann</Filter>
    </ClInclude>
    <ClInclude Include="..\..\..\..\addons\ofxOpenCv\libs\opencv\include\opencv2\flann\dynamic_bitset.h">
      <Filter>addons\ofxOpenCv\libs\opencv\include\opencv2\flann</Filter>
    </ClInclude>
    <ClInclude Include="..\..\..\..\addons\ofxOpenCv\libs\opencv\include\opencv2\flann\flann.hpp">
      <Filter>addons\ofxOpenCv\libs\opencv\include\opencv2\flann</Filter>
    </ClInclude>
    <ClInclude Include="..\..\..\..\addons\ofxOpenCv\libs\opencv\include\opencv2\flann\flann_base.hpp">
      <Filter>addons\ofxOpenCv\libs\opencv\include\opencv2\flann</Filter>
    </ClInclude>
    <ClInclude Include="..\..\..\..\addons\ofxOpenCv\libs\opencv\include\opencv2\flann\general.h">
      <Filter>addons\ofxOpenCv\libs\opencv\include\opencv2\flann</Filter>
    </ClInclude>
    <ClInclude Include="..\..\..\..\addons\ofxOpenCv\libs\opencv\include\opencv2\flann\ground_truth.h">
      <Filter>addons\ofxOpenCv\libs\opencv\include\opencv2\flann</Filter>
    </ClInclude>
    <ClInclude Include="..\..\..\..\addons\ofxOpenCv\libs\opencv\include\opencv2\flann\hdf5.h">
      <Filter>addons\ofxOpenCv\libs\opencv\include\opencv2\flann</Filter>
    </ClInclude>
    <ClInclude Include="..\..\..\..\addons\ofxOpenCv\libs\opencv\include\opencv2\flann\heap.h">
      <Filter>addons\ofxOpenCv\libs\opencv\include\opencv2\flann</Filter>
    </ClInclude>
    <ClInclude Include="..\..\..\..\addons\ofxOpenCv\libs\opencv\include\opencv2\flann\hierarchical_clustering_index.h">
      <Filter>addons\ofxOpenCv\libs\opencv\include\opencv2\flann</Filter>
    </ClInclude>
    <ClInclude Include="..\..\..\..\addons\ofxOpenCv\libs\opencv\include\opencv2\flann\index_testing.h">
      <Filter>addons\ofxOpenCv\libs\opencv\include\opencv2\flann</Filter>
    </ClInclude>
    <ClInclude Include="..\..\..\..\addons\ofxOpenCv\libs\opencv\include\opencv2\flann\kdtree_index.h">
      <Filter>addons\ofxOpenCv\libs\opencv\include\opencv2\flann</Filter>
    </ClInclude>
    <ClInclude Include="..\..\..\..\addons\ofxOpenCv\libs\opencv\include\opencv2\flann\kdtree_single_index.h">
      <Filter>addons\ofxOpenCv\libs\opencv\include\opencv2\flann</Filter>
    </ClInclude>
    <ClInclude Include="..\..\..\..\addons\ofxOpenCv\libs\opencv\include\opencv2\flann\kmeans_index.h">
      <Filter>addons\ofxOpenCv\libs\opencv\include\opencv2\flann</Filter>
    </ClInclude>
    <ClInclude Include="..\..\..\..\addons\ofxOpenCv\libs\opencv\include\opencv2\flann\linear_index.h">
      <Filter>addons\ofxOpenCv\libs\opencv\include\opencv2\flann</Filter>
    </ClInclude>
    <ClInclude Include="..\..\..\..\addons\ofxOpenCv\libs\opencv\include\opencv2\flann\logger.h">
      <Filter>addons\ofxOpenCv\libs\opencv\include\opencv2\flann</Filter>
    </ClInclude>
    <ClInclude Include="..\..\..\..\addons\ofxOpenCv\libs\opencv\include\opencv2\flann\lsh_index.h">
      <Filter>addons\ofxOpenCv\libs\opencv\include\opencv2\flann</Filter>
    </ClInclude>
    <ClInclude Include="..\..\..\..\addons\ofxOpenCv\libs\opencv\include\opencv2\flann\lsh_table.h">
      <Filter>addons\ofxOpenCv\libs\opencv\include\opencv2\flann</Filter>
    </ClInclude>
    <ClInclude Include="..\..\..\..\addons\ofxOpenCv\libs\opencv\include\opencv2\flann\matrix.h">
      <Filter>addons\ofxOpenCv\libs\opencv\include\opencv2\flann</Filter>
    </ClInclude>
    <ClInclude Include="..\..\..\..\addons\ofxOpenCv\libs\opencv\include\opencv2\flann\miniflann.hpp">
      <Filter>addons\ofxOpenCv\libs\opencv\include\opencv2\flann</Filter>
    </ClInclude>
    <ClInclude Include="..\..\..\..\addons\ofxOpenCv\libs\opencv\include\opencv2\flann\nn_index.h">
      <Filter>addons\ofxOpenCv\libs\opencv\include\opencv2\flann</Filter>
    </ClInclude>
    <ClInclude Include="..\..\..\..\addons\ofxOpenCv\libs\opencv\include\opencv2\flann\object_factory.h">
      <Filter>addons\ofxOpenCv\libs\opencv\include\opencv2\flann</Filter>
    </ClInclude>
    <ClInclude Include="..\..\..\..\addons\ofxOpenCv\libs\opencv\include\opencv2\flann\params.h">
      <Filter>addons\ofxOpenCv\libs\opencv\include\opencv2\flann</Filter>
    </ClInclude>
    <ClInclude Include="..\..\..\..\addons\ofxOpenCv\libs\opencv\include\opencv2\flann\random.h">
      <Filter>addons\ofxOpenCv\libs\opencv\include\opencv2\flann</Filter>
    </ClInclude>
    <ClInclude Include="..\..\..\..\addons\ofxOpenCv\libs\opencv\include\opencv2\flann\result_set.h">
      <Filter>addons\ofxOpenCv\libs\opencv\include\opencv2\flann</Filter>
    </ClInclude>
    <ClInclude Include="..\..\..\..\addons\ofxOpenCv\libs\opencv\include\opencv2\flann\sampling.h">
      <Filter>addons\ofxOpenCv\libs\opencv\include\opencv2\flann</Filter>
    </ClInclude>
    <ClInclude Include="..\..\..\..\addons\ofxOpenCv\libs\opencv\include\opencv2\flann\saving.h">
      <Filter>addons\ofxOpenCv\libs\opencv\include\opencv2\flann</Filter>
    </ClInclude>
    <ClInclude Include="..\..\..\..\addons\ofxOpenCv\libs\opencv\include\opencv2\flann\simplex_downhill.h">
      <Filter>addons\ofxOpenCv\libs\opencv\include\opencv2\flann</Filter>
    </ClInclude>
    <ClInclude Include="..\..\..\..\addons\ofxOpenCv\libs\opencv\include\opencv2\flann\timer.h">
      <Filter>addons\ofxOpenCv\libs\opencv\include\opencv2\flann</Filter>
    </ClInclude>
    <ClInclude Include="..\..\..\..\addons\ofxOpenCv\libs\opencv\include\opencv2\gpu\device\block.hpp">
      <Filter>addons\ofxOpenCv\libs\opencv\include\opencv2\gpu\device</Filter>
    </ClInclude>
    <ClInclude Include="..\..\..\..\addons\ofxOpenCv\libs\opencv\include\opencv2\gpu\device\border_interpolate.hpp">
      <Filter>addons\ofxOpenCv\libs\opencv\include\opencv2\gpu\device</Filter>
    </ClInclude>
    <ClInclude Include="..\..\..\..\addons\ofxOpenCv\libs\opencv\include\opencv2\gpu\device\color.hpp">
      <Filter>addons\ofxOpenCv\libs\opencv\include\opencv2\gpu\device</Filter>
    </ClInclude>
    <ClInclude Include="..\..\..\..\addons\ofxOpenCv\libs\opencv\include\opencv2\gpu\device\common.hpp">
      <Filter>addons\ofxOpenCv\libs\opencv\include\opencv2\gpu\device</Filter>
    </ClInclude>
    <ClInclude Include="..\..\..\..\addons\ofxOpenCv\libs\opencv\include\opencv2\gpu\device\datamov_utils.hpp">
      <Filter>addons\ofxOpenCv\libs\opencv\include\opencv2\gpu\device</Filter>
    </ClInclude>
    <ClInclude Include="..\..\..\..\addons\ofxOpenCv\libs\opencv\include\opencv2\gpu\device\detail\color_detail.hpp">
      <Filter>addons\ofxOpenCv\libs\opencv\include\opencv2\gpu\device\detail</Filter>
    </ClInclude>
    <ClInclude Include="..\..\..\..\addons\ofxOpenCv\libs\opencv\include\opencv2\gpu\device\detail\reduce.hpp">
      <Filter>addons\ofxOpenCv\libs\opencv\include\opencv2\gpu\device\detail</Filter>
    </ClInclude>
    <ClInclude Include="..\..\..\..\addons\ofxOpenCv\libs\opencv\include\opencv2\gpu\device\detail\reduce_key_val.hpp">
      <Filter>addons\ofxOpenCv\libs\opencv\include\opencv2\gpu\device\detail</Filter>
    </ClInclude>
    <ClInclude Include="..\..\..\..\addons\ofxOpenCv\libs\opencv\include\opencv2\gpu\device\detail\transform_detail.hpp">
      <Filter>addons\ofxOpenCv\libs\opencv\include\opencv2\gpu\device\detail</Filter>
    </ClInclude>
    <ClInclude Include="..\..\..\..\addons\ofxOpenCv\libs\opencv\include\opencv2\gpu\device\detail\type_traits_detail.hpp">
      <Filter>addons\ofxOpenCv\libs\opencv\include\opencv2\gpu\device\detail</Filter>
    </ClInclude>
    <ClInclude Include="..\..\..\..\addons\ofxOpenCv\libs\opencv\include\opencv2\gpu\device\detail\vec_distance_detail.hpp">
      <Filter>addons\ofxOpenCv\libs\opencv\include\opencv2\gpu\device\detail</Filter>
    </ClInclude>
    <ClInclude Include="..\..\..\..\addons\ofxOpenCv\libs\opencv\include\opencv2\gpu\device\dynamic_smem.hpp">
      <Filter>addons\ofxOpenCv\libs\opencv\include\opencv2\gpu\device</Filter>
    </ClInclude>
    <ClInclude Include="..\..\..\..\addons\ofxOpenCv\libs\opencv\include\opencv2\gpu\device\emulation.hpp">
      <Filter>addons\ofxOpenCv\libs\opencv\include\opencv2\gpu\device</Filter>
    </ClInclude>
    <ClInclude Include="..\..\..\..\addons\ofxOpenCv\libs\opencv\include\opencv2\gpu\device\filters.hpp">
      <Filter>addons\ofxOpenCv\libs\opencv\include\opencv2\gpu\device</Filter>
    </ClInclude>
    <ClInclude Include="..\..\..\..\addons\ofxOpenCv\libs\opencv\include\opencv2\gpu\device\funcattrib.hpp">
      <Filter>addons\ofxOpenCv\libs\opencv\include\opencv2\gpu\device</Filter>
    </ClInclude>
    <ClInclude Include="..\..\..\..\addons\ofxOpenCv\libs\opencv\include\opencv2\gpu\device\functional.hpp">
      <Filter>addons\ofxOpenCv\libs\opencv\include\opencv2\gpu\device</Filter>
    </ClInclude>
    <ClInclude Include="..\..\..\..\addons\ofxOpenCv\libs\opencv\include\opencv2\gpu\device\limits.hpp">
      <Filter>addons\ofxOpenCv\libs\opencv\include\opencv2\gpu\device</Filter>
    </ClInclude>
    <ClInclude Include="..\..\..\..\addons\ofxOpenCv\libs\opencv\include\opencv2\gpu\device\reduce.hpp">
      <Filter>addons\ofxOpenCv\libs\opencv\include\opencv2\gpu\device</Filter>
    </ClInclude>
    <ClInclude Include="..\..\..\..\addons\ofxOpenCv\libs\opencv\include\opencv2\gpu\device\saturate_cast.hpp">
      <Filter>addons\ofxOpenCv\libs\opencv\include\opencv2\gpu\device</Filter>
    </ClInclude>
    <ClInclude Include="..\..\..\..\addons\ofxOpenCv\libs\opencv\include\opencv2\gpu\device\scan.hpp">
      <Filter>addons\ofxOpenCv\libs\opencv\include\opencv2\gpu\device</Filter>
    </ClInclude>
    <ClInclude Include="..\..\..\..\addons\ofxOpenCv\libs\opencv\include\opencv2\gpu\device\simd_functions.hpp">
      <Filter>addons\ofxOpenCv\libs\opencv\include\opencv2\gpu\device</Filter>
    </ClInclude>
    <ClInclude Include="..\..\..\..\addons\ofxOpenCv\libs\opencv\include\opencv2\gpu\device\static_check.hpp">
      <Filter>addons\ofxOpenCv\libs\opencv\include\opencv2\gpu\device</Filter>
    </ClInclude>
    <ClInclude Include="..\..\..\..\addons\ofxOpenCv\libs\opencv\include\opencv2\gpu\device\transform.hpp">
      <Filter>addons\ofxOpenCv\libs\opencv\include\opencv2\gpu\device</Filter>
    </ClInclude>
    <ClInclude Include="..\..\..\..\addons\ofxOpenCv\libs\opencv\include\opencv2\gpu\device\type_traits.hpp">
      <Filter>addons\ofxOpenCv\libs\opencv\include\opencv2\gpu\device</Filter>
    </ClInclude>
    <ClInclude Include="..\..\..\..\addons\ofxOpenCv\libs\opencv\include\opencv2\gpu\device\utility.hpp">
      <Filter>addons\ofxOpenCv\libs\opencv\include\opencv2\gpu\device</Filter>
    </ClInclude>
    <ClInclude Include="..\..\..\..\addons\ofxOpenCv\libs\opencv\include\opencv2\gpu\device\vec_distance.hpp">
      <Filter>addons\ofxOpenCv\libs\opencv\include\opencv2\gpu\device</Filter>
    </ClInclude>
    <ClInclude Include="..\..\..\..\addons\ofxOpenCv\libs\opencv\include\opencv2\gpu\device\vec_math.hpp">
      <Filter>addons\ofxOpenCv\libs\opencv\include\opencv2\gpu\device</Filter>
    </ClInclude>
    <ClInclude Include="..\..\..\..\addons\ofxOpenCv\libs\opencv\include\opencv2\gpu\device\vec_traits.hpp">
      <Filter>addons\ofxOpenCv\libs\opencv\include\opencv2\gpu\device</Filter>
    </ClInclude>
    <ClInclude Include="..\..\..\..\addons\ofxOpenCv\libs\opencv\include\opencv2\gpu\device\warp.hpp">
      <Filter>addons\ofxOpenCv\libs\opencv\include\opencv2\gpu\device</Filter>
    </ClInclude>
    <ClInclude Include="..\..\..\..\addons\ofxOpenCv\libs\opencv\include\opencv2\gpu\device\warp_reduce.hpp">
      <Filter>addons\ofxOpenCv\libs\opencv\include\opencv2\gpu\device</Filter>
    </ClInclude>
    <ClInclude Include="..\..\..\..\addons\ofxOpenCv\libs\opencv\include\opencv2\gpu\device\warp_shuffle.hpp">
      <Filter>addons\ofxOpenCv\libs\opencv\include\opencv2\gpu\device</Filter>
    </ClInclude>
    <ClInclude Include="..\..\..\..\addons\ofxOpenCv\libs\opencv\include\opencv2\gpu\devmem2d.hpp">
      <Filter>addons\ofxOpenCv\libs\opencv\include\opencv2\gpu</Filter>
    </ClInclude>
    <ClInclude Include="..\..\..\..\addons\ofxOpenCv\libs\opencv\include\opencv2\gpu\gpu.hpp">
      <Filter>addons\ofxOpenCv\libs\opencv\include\opencv2\gpu</Filter>
    </ClInclude>
    <ClInclude Include="..\..\..\..\addons\ofxOpenCv\libs\opencv\include\opencv2\gpu\gpumat.hpp">
      <Filter>addons\ofxOpenCv\libs\opencv\include\opencv2\gpu</Filter>
    </ClInclude>
    <ClInclude Include="..\..\..\..\addons\ofxOpenCv\libs\opencv\include\opencv2\gpu\stream_accessor.hpp">
      <Filter>addons\ofxOpenCv\libs\opencv\include\opencv2\gpu</Filter>
    </ClInclude>
    <ClInclude Include="..\..\..\..\addons\ofxOpenCv\libs\opencv\include\opencv2\highgui\cap_ios.h">
      <Filter>addons\ofxOpenCv\libs\opencv\include\opencv2\highgui</Filter>
    </ClInclude>
    <ClInclude Include="..\..\..\..\addons\ofxOpenCv\libs\opencv\include\opencv2\highgui\highgui.hpp">
      <Filter>addons\ofxOpenCv\libs\opencv\include\opencv2\highgui</Filter>
    </ClInclude>
    <ClInclude Include="..\..\..\..\addons\ofxOpenCv\libs\opencv\include\opencv2\highgui\highgui_c.h">
      <Filter>addons\ofxOpenCv\libs\opencv\include\opencv2\highgui</Filter>
    </ClInclude>
    <ClInclude Include="..\..\..\..\addons\ofxOpenCv\libs\opencv\include\opencv2\highgui\ios.h">
      <Filter>addons\ofxOpenCv\libs\opencv\include\opencv2\highgui</Filter>
    </ClInclude>
    <ClInclude Include="..\..\..\..\addons\ofxOpenCv\libs\opencv\include\opencv2\imgproc\imgproc.hpp">
      <Filter>addons\ofxOpenCv\libs\opencv\include\opencv2\imgproc</Filter>
    </ClInclude>
    <ClInclude Include="..\..\..\..\addons\ofxOpenCv\libs\opencv\include\opencv2\imgproc\imgproc_c.h">
      <Filter>addons\ofxOpenCv\libs\opencv\include\opencv2\imgproc</Filter>
    </ClInclude>
    <ClInclude Include="..\..\..\..\addons\ofxOpenCv\libs\opencv\include\opencv2\imgproc\types_c.h">
      <Filter>addons\ofxOpenCv\libs\opencv\include\opencv2\imgproc</Filter>
    </ClInclude>
    <ClInclude Include="..\..\..\..\addons\ofxOpenCv\libs\opencv\include\opencv2\legacy\blobtrack.hpp">
      <Filter>addons\ofxOpenCv\libs\opencv\include\opencv2\legacy</Filter>
    </ClInclude>
    <ClInclude Include="..\..\..\..\addons\ofxOpenCv\libs\opencv\include\opencv2\legacy\compat.hpp">
      <Filter>addons\ofxOpenCv\libs\opencv\include\opencv2\legacy</Filter>
    </ClInclude>
    <ClInclude Include="..\..\..\..\addons\ofxOpenCv\libs\opencv\include\opencv2\legacy\legacy.hpp">
      <Filter>addons\ofxOpenCv\libs\opencv\include\opencv2\legacy</Filter>
    </ClInclude>
    <ClInclude Include="..\..\..\..\addons\ofxOpenCv\libs\opencv\include\opencv2\legacy\streams.hpp">
      <Filter>addons\ofxOpenCv\libs\opencv\include\opencv2\legacy</Filter>
    </ClInclude>
    <ClInclude Include="..\..\..\..\addons\ofxOpenCv\libs\opencv\include\opencv2\ml\ml.hpp">
      <Filter>addons\ofxOpenCv\libs\opencv\include\opencv2\ml</Filter>
    </ClInclude>
    <ClInclude Include="..\..\..\..\addons\ofxOpenCv\libs\opencv\include\opencv2\nonfree\features2d.hpp">
      <Filter>addons\ofxOpenCv\libs\opencv\include\opencv2\nonfree</Filter>
    </ClInclude>
    <ClInclude Include="..\..\..\..\addons\ofxOpenCv\libs\opencv\include\opencv2\nonfree\gpu.hpp">
      <Filter>addons\ofxOpenCv\libs\opencv\include\opencv2\nonfree</Filter>
    </ClInclude>
    <ClInclude Include="..\..\..\..\addons\ofxOpenCv\libs\opencv\include\opencv2\nonfree\nonfree.hpp">
      <Filter>addons\ofxOpenCv\libs\opencv\include\opencv2\nonfree</Filter>
    </ClInclude>
    <ClInclude Include="..\..\..\..\addons\ofxOpenCv\libs\opencv\include\opencv2\nonfree\ocl.hpp">
      <Filter>addons\ofxOpenCv\libs\opencv\include\opencv2\nonfree</Filter>
    </ClInclude>
    <ClInclude Include="..\..\..\..\addons\ofxOpenCv\libs\opencv\include\opencv2\objdetect\objdetect.hpp">
      <Filter>addons\ofxOpenCv\libs\opencv\include\opencv2\objdetect</Filter>
    </ClInclude>
    <ClInclude Include="..\..\..\..\addons\ofxOpenCv\libs\opencv\include\opencv2\opencv.hpp">
      <Filter>addons\ofxOpenCv\libs\opencv\include\opencv2</Filter>
    </ClInclude>
    <ClInclude Include="..\..\..\..\addons\ofxOpenCv\libs\opencv\include\opencv2\opencv_modules.hpp">
      <Filter>addons\ofxOpenCv\libs\opencv\include\opencv2</Filter>
    </ClInclude>
    <ClInclude Include="..\..\..\..\addons\ofxOpenCv\libs\opencv\include\opencv2\photo\photo.hpp">
      <Filter>addons\ofxOpenCv\libs\opencv\include\opencv2\photo</Filter>
    </ClInclude>
    <ClInclude Include="..\..\..\..\addons\ofxOpenCv\libs\opencv\include\opencv2\photo\photo_c.h">
      <Filter>addons\ofxOpenCv\libs\opencv\include\opencv2\photo</Filter>
    </ClInclude>
    <ClInclude Include="..\..\..\..\addons\ofxOpenCv\libs\opencv\include\opencv2\stitching\detail\autocalib.hpp">
      <Filter>addons\ofxOpenCv\libs\opencv\include\opencv2\stitching\detail</Filter>
    </ClInclude>
    <ClInclude Include="..\..\..\..\addons\ofxOpenCv\libs\opencv\include\opencv2\stitching\detail\blenders.hpp">
      <Filter>addons\ofxOpenCv\libs\opencv\include\opencv2\stitching\detail</Filter>
    </ClInclude>
    <ClInclude Include="..\..\..\..\addons\ofxOpenCv\libs\opencv\include\opencv2\stitching\detail\camera.hpp">
      <Filter>addons\ofxOpenCv\libs\opencv\include\opencv2\stitching\detail</Filter>
    </ClInclude>
    <ClInclude Include="..\..\..\..\addons\ofxOpenCv\libs\opencv\include\opencv2\stitching\detail\exposure_compensate.hpp">
      <Filter>addons\ofxOpenCv\libs\opencv\include\opencv2\stitching\detail</Filter>
    </ClInclude>
    <ClInclude Include="..\..\..\..\addons\ofxOpenCv\libs\opencv\include\opencv2\stitching\detail\matchers.hpp">
      <Filter>addons\ofxOpenCv\libs\opencv\include\opencv2\stitching\detail</Filter>
    </ClInclude>
    <ClInclude Include="..\..\..\..\addons\ofxOpenCv\libs\opencv\include\opencv2\stitching\detail\motion_estimators.hpp">
      <Filter>addons\ofxOpenCv\libs\opencv\include\opencv2\stitching\detail</Filter>
    </ClInclude>
    <ClInclude Include="..\..\..\..\addons\ofxOpenCv\libs\opencv\include\opencv2\stitching\detail\seam_finders.hpp">
      <Filter>addons\ofxOpenCv\libs\opencv\include\opencv2\stitching\detail</Filter>
    </ClInclude>
    <ClInclude Include="..\..\..\..\addons\ofxOpenCv\libs\opencv\include\opencv2\stitching\detail\util.hpp">
      <Filter>addons\ofxOpenCv\libs\opencv\include\opencv2\stitching\detail</Filter>
    </ClInclude>
    <ClInclude Include="..\..\..\..\addons\ofxOpenCv\libs\opencv\include\opencv2\stitching\detail\util_inl.hpp">
      <Filter>addons\ofxOpenCv\libs\opencv\include\opencv2\stitching\detail</Filter>
    </ClInclude>
    <ClInclude Include="..\..\..\..\addons\ofxOpenCv\libs\opencv\include\opencv2\stitching\detail\warpers.hpp">
      <Filter>addons\ofxOpenCv\libs\opencv\include\opencv2\stitching\detail</Filter>
    </ClInclude>
    <ClInclude Include="..\..\..\..\addons\ofxOpenCv\libs\opencv\include\opencv2\stitching\detail\warpers_inl.hpp">
      <Filter>addons\ofxOpenCv\libs\opencv\include\opencv2\stitching\detail</Filter>
    </ClInclude>
    <ClInclude Include="..\..\..\..\addons\ofxOpenCv\libs\opencv\include\opencv2\stitching\stitcher.hpp">
      <Filter>addons\ofxOpenCv\libs\opencv\include\opencv2\stitching</Filter>
    </ClInclude>
    <ClInclude Include="..\..\..\..\addons\ofxOpenCv\libs\opencv\include\opencv2\stitching\warpers.hpp">
      <Filter>addons\ofxOpenCv\libs\opencv\include\opencv2\stitching</Filter>
    </ClInclude>
    <ClInclude Include="..\..\..\..\addons\ofxOpenCv\libs\opencv\include\opencv2\superres\optical_flow.hpp">
      <Filter>addons\ofxOpenCv\libs\opencv\include\opencv2\superres</Filter>
    </ClInclude>
    <ClInclude Include="..\..\..\..\addons\ofxOpenCv\libs\opencv\include\opencv2\superres\superres.hpp">
      <Filter>addons\ofxOpenCv\libs\opencv\include\opencv2\superres</Filter>
    </ClInclude>
    <ClInclude Include="..\..\..\..\addons\ofxOpenCv\libs\opencv\include\opencv2\ts\gpu_perf.hpp">
      <Filter>addons\ofxOpenCv\libs\opencv\include\opencv2\ts</Filter>
    </ClInclude>
    <ClInclude Include="..\..\..\..\addons\ofxOpenCv\libs\opencv\include\opencv2\ts\gpu_test.hpp">
      <Filter>addons\ofxOpenCv\libs\opencv\include\opencv2\ts</Filter>
    </ClInclude>
    <ClInclude Include="..\..\..\..\addons\ofxOpenCv\libs\opencv\include\opencv2\ts\ts.hpp">
      <Filter>addons\ofxOpenCv\libs\opencv\include\opencv2\ts</Filter>
    </ClInclude>
    <ClInclude Include="..\..\..\..\addons\ofxOpenCv\libs\opencv\include\opencv2\ts\ts_gtest.h">
      <Filter>addons\ofxOpenCv\libs\opencv\include\opencv2\ts</Filter>
    </ClInclude>
    <ClInclude Include="..\..\..\..\addons\ofxOpenCv\libs\opencv\include\opencv2\ts\ts_perf.hpp">
      <Filter>addons\ofxOpenCv\libs\opencv\include\opencv2\ts</Filter>
    </ClInclude>
    <ClInclude Include="..\..\..\..\addons\ofxOpenCv\libs\opencv\include\opencv2\video\background_segm.hpp">
      <Filter>addons\ofxOpenCv\libs\opencv\include\opencv2\video</Filter>
    </ClInclude>
    <ClInclude Include="..\..\..\..\addons\ofxOpenCv\libs\opencv\include\opencv2\video\tracking.hpp">
      <Filter>addons\ofxOpenCv\libs\opencv\include\opencv2\video</Filter>
    </ClInclude>
    <ClInclude Include="..\..\..\..\addons\ofxOpenCv\libs\opencv\include\opencv2\video\video.hpp">
      <Filter>addons\ofxOpenCv\libs\opencv\include\opencv2\video</Filter>
    </ClInclude>
    <ClInclude Include="..\..\..\..\addons\ofxOpenCv\libs\opencv\include\opencv2\videostab\deblurring.hpp">
      <Filter>addons\ofxOpenCv\libs\opencv\include\opencv2\videostab</Filter>
    </ClInclude>
    <ClInclude Include="..\..\..\..\addons\ofxOpenCv\libs\opencv\include\opencv2\videostab\fast_marching.hpp">
      <Filter>addons\ofxOpenCv\libs\opencv\include\opencv2\videostab</Filter>
    </ClInclude>
    <ClInclude Include="..\..\..\..\addons\ofxOpenCv\libs\opencv\include\opencv2\videostab\fast_marching_inl.hpp">
      <Filter>addons\ofxOpenCv\libs\opencv\include\opencv2\videostab</Filter>
    </ClInclude>
    <ClInclude Include="..\..\..\..\addons\ofxOpenCv\libs\opencv\include\opencv2\videostab\frame_source.hpp">
      <Filter>addons\ofxOpenCv\libs\opencv\include\opencv2\videostab</Filter>
    </ClInclude>
    <ClInclude Include="..\..\..\..\addons\ofxOpenCv\libs\opencv\include\opencv2\videostab\global_motion.hpp">
      <Filter>addons\ofxOpenCv\libs\opencv\include\opencv2\videostab</Filter>
    </ClInclude>
    <ClInclude Include="..\..\..\..\addons\ofxOpenCv\libs\opencv\include\opencv2\videostab\inpainting.hpp">
      <Filter>addons\ofxOpenCv\libs\opencv\include\opencv2\videostab</Filter>
    </ClInclude>
    <ClInclude Include="..\..\..\..\addons\ofxOpenCv\libs\opencv\include\opencv2\videostab\log.hpp">
      <Filter>addons\ofxOpenCv\libs\opencv\include\opencv2\videostab</Filter>
    </ClInclude>
    <ClInclude Include="..\..\..\..\addons\ofxOpenCv\libs\opencv\include\opencv2\videostab\motion_stabilizing.hpp">
      <Filter>addons\ofxOpenCv\libs\opencv\include\opencv2\videostab</Filter>
    </ClInclude>
    <ClInclude Include="..\..\..\..\addons\ofxOpenCv\libs\opencv\include\opencv2\videostab\optical_flow.hpp">
      <Filter>addons\ofxOpenCv\libs\opencv\include\opencv2\videostab</Filter>
    </ClInclude>
    <ClInclude Include="..\..\..\..\addons\ofxOpenCv\libs\opencv\include\opencv2\videostab\stabilizer.hpp">
      <Filter>addons\ofxOpenCv\libs\opencv\include\opencv2\videostab</Filter>
    </ClInclude>
    <ClInclude Include="..\..\..\..\addons\ofxOpenCv\libs\opencv\include\opencv2\videostab\videostab.hpp">
      <Filter>addons\ofxOpenCv\libs\opencv\include\opencv2\videostab</Filter>
    </ClInclude>
    <ClInclude Include="..\..\..\..\addons\ofxOpenVJ\src\BaseScene.h">
      <Filter>addons\ofxOpenVJ\src</Filter>
    </ClInclude>
    <ClInclude Include="..\..\..\..\addons\ofxOpenVJ\src\CameraManager.h">
      <Filter>addons\ofxOpenVJ\src</Filter>
    </ClInclude>
    <ClInclude Include="..\..\..\..\addons\ofxOpenVJ\src\CompositorManager.h">
      <Filter>addons\ofxOpenVJ\src</Filter>
    </ClInclude>
    <ClInclude Include="..\..\..\..\addons\ofxOpenVJ\src\DepthCameraManager.h">
      <Filter>addons\ofxOpenVJ\src</Filter>
    </ClInclude>
    <ClInclude Include="..\..\..\..\addons\ofxOpenVJ\src\EmptyScene.h">
      <Filter>addons\ofxOpenVJ\src</Filter>
    </ClInclude>
    <ClInclude Include="..\..\..\..\addons\ofxOpenVJ\src\ofxOpenVJ.h">
      <Filter>addons\ofxOpenVJ\src</Filter>
    </ClInclude>
    <ClInclude Include="..\..\..\..\addons\ofxOpenVJ\src\ofxOpenVJConstants.h">
      <Filter>addons\ofxOpenVJ\src</Filter>
    </ClInclude>
    <ClInclude Include="..\..\..\..\addons\ofxOpenVJ\src\ofxOpenVJEvents.h">
      <Filter>addons\ofxOpenVJ\src</Filter>
    </ClInclude>
    <ClInclude Include="..\..\..\..\addons\ofxOpenVJ\src\ofxOpenVJSet.h">
      <Filter>addons\ofxOpenVJ\src</Filter>
    </ClInclude>
    <ClInclude Include="..\..\..\..\addons\ofxOpenVJ\src\ofxParticle2D.h">
      <Filter>addons\ofxOpenVJ\src</Filter>
    </ClInclude>
    <ClInclude Include="..\..\..\..\addons\ofxOpenVJ\src\ofxParticle3D.h">
      <Filter>addons\ofxOpenVJ\src</Filter>
    </ClInclude>
    <ClInclude Include="..\..\..\..\addons\ofxOpenVJ\src\Scenes.h">
      <Filter>addons\ofxOpenVJ\src</Filter>
    </ClInclude>
    <ClInclude Include="..\..\..\..\addons\ofxOpenVJ\src\SoundManager.h">
      <Filter>addons\ofxOpenVJ\src</Filter>
    </ClInclude>
    <ClInclude Include="..\..\..\..\addons\ofxPostGlitch\src\ofxPostGlitch.h">
      <Filter>addons\ofxPostGlitch\src</Filter>
    </ClInclude>
    <ClInclude Include="..\..\..\..\addons\ofxPostProcessing\src\BleachBypassPass.h">
      <Filter>addons\ofxPostProcessing\src</Filter>
    </ClInclude>
    <ClInclude Include="..\..\..\..\addons\ofxPostProcessing\src\BloomPass.h">
      <Filter>addons\ofxPostProcessing\src</Filter>
    </ClInclude>
    <ClInclude Include="..\..\..\..\addons\ofxPostProcessing\src\ContrastPass.h">
      <Filter>addons\ofxPostProcessing\src</Filter>
    </ClInclude>
    <ClInclude Include="..\..\..\..\addons\ofxPostProcessing\src\ConvolutionPass.h">
      <Filter>addons\ofxPostProcessing\src</Filter>
    </ClInclude>
    <ClInclude Include="..\..\..\..\addons\ofxPostProcessing\src\DofAltPass.h">
      <Filter>addons\ofxPostProcessing\src</Filter>
    </ClInclude>
    <ClInclude Include="..\..\..\..\addons\ofxPostProcessing\src\DofPass.h">
      <Filter>addons\ofxPostProcessing\src</Filter>
    </ClInclude>
    <ClInclude Include="..\..\..\..\addons\ofxPostProcessing\src\EdgePass.h">
      <Filter>addons\ofxPostProcessing\src</Filter>
    </ClInclude>
    <ClInclude Include="..\..\..\..\addons\ofxPostProcessing\src\FakeSSSPass.h">
      <Filter>addons\ofxPostProcessing\src</Filter>
    </ClInclude>
    <ClInclude Include="..\..\..\..\addons\ofxPostProcessing\src\FxaaPass.h">
      <Filter>addons\ofxPostProcessing\src</Filter>
    </ClInclude>
    <ClInclude Include="..\..\..\..\addons\ofxPostProcessing\src\GodRaysPass.h">
      <Filter>addons\ofxPostProcessing\src</Filter>
    </ClInclude>
    <ClInclude Include="..\..\..\..\addons\ofxPostProcessing\src\HorizontalTiltShifPass.h">
      <Filter>addons\ofxPostProcessing\src</Filter>
    </ClInclude>
    <ClInclude Include="..\..\..\..\addons\ofxPostProcessing\src\HsbShiftPass.h">
      <Filter>addons\ofxPostProcessing\src</Filter>
    </ClInclude>
    <ClInclude Include="..\..\..\..\addons\ofxPostProcessing\src\KaleidoscopePass.h">
      <Filter>addons\ofxPostProcessing\src</Filter>
    </ClInclude>
    <ClInclude Include="..\..\..\..\addons\ofxPostProcessing\src\LimbDarkeningPass.h">
      <Filter>addons\ofxPostProcessing\src</Filter>
    </ClInclude>
    <ClInclude Include="..\..\..\..\addons\ofxPostProcessing\src\LUTPass.h">
      <Filter>addons\ofxPostProcessing\src</Filter>
    </ClInclude>
    <ClInclude Include="..\..\..\..\addons\ofxPostProcessing\src\NoiseWarpPass.h">
      <Filter>addons\ofxPostProcessing\src</Filter>
    </ClInclude>
    <ClInclude Include="..\..\..\..\addons\ofxPostProcessing\src\ofxPostProcessing.h">
      <Filter>addons\ofxPostProcessing\src</Filter>
    </ClInclude>
    <ClInclude Include="..\..\..\..\addons\ofxPostProcessing\src\PixelatePass.h">
      <Filter>addons\ofxPostProcessing\src</Filter>
    </ClInclude>
    <ClInclude Include="..\..\..\..\addons\ofxPostProcessing\src\PostProcessing.h">
      <Filter>addons\ofxPostProcessing\src</Filter>
    </ClInclude>
    <ClInclude Include="..\..\..\..\addons\ofxPostProcessing\src\RenderPass.h">
      <Filter>addons\ofxPostProcessing\src</Filter>
    </ClInclude>
    <ClInclude Include="..\..\..\..\addons\ofxPostProcessing\src\RGBShiftPass.h">
      <Filter>addons\ofxPostProcessing\src</Filter>
    </ClInclude>
    <ClInclude Include="..\..\..\..\addons\ofxPostProcessing\src\RimHighlightingPass.h">
      <Filter>addons\ofxPostProcessing\src</Filter>
    </ClInclude>
    <ClInclude Include="..\..\..\..\addons\ofxPostProcessing\src\SSAOPass.h">
      <Filter>addons\ofxPostProcessing\src</Filter>
    </ClInclude>
    <ClInclude Include="..\..\..\..\addons\ofxPostProcessing\src\ToonPass.h">
      <Filter>addons\ofxPostProcessing\src</Filter>
    </ClInclude>
    <ClInclude Include="..\..\..\..\addons\ofxPostProcessing\src\VerticalTiltShifPass.h">
      <Filter>addons\ofxPostProcessing\src</Filter>
    </ClInclude>
    <ClInclude Include="..\..\..\..\addons\ofxPostProcessing\src\ZoomBlurPass.h">
      <Filter>addons\ofxPostProcessing\src</Filter>
    </ClInclude>
    <ClInclude Include="..\..\..\..\addons\ofxSimpleMask\src\ofxSimpleMask.h">
      <Filter>addons\ofxSimpleMask\src</Filter>
    </ClInclude>
    <ClInclude Include="..\..\..\..\addons\ofxSimpleTimer\src\ofxSimpleTimer.h">
      <Filter>addons\ofxSimpleTimer\src</Filter>
    </ClInclude>
    <ClInclude Include="..\..\..\..\addons\ofxSpout\src\ofxSpout.h">
      <Filter>addons\ofxSpout\src</Filter>
    </ClInclude>
    <ClInclude Include="..\..\..\..\addons\ofxSpout\src\Spout.h">
      <Filter>addons\ofxSpout\src</Filter>
    </ClInclude>
    <ClInclude Include="..\..\..\..\addons\ofxSpout\libs\include\Spout.h">
      <Filter>addons\ofxSpout\libs\include</Filter>
    </ClInclude>
    <ClInclude Include="..\..\..\..\addons\ofxTweenzor\src\ofxTweenzor.h">
      <Filter>addons\ofxTweenzor\src</Filter>
    </ClInclude>
    <ClInclude Include="..\..\..\..\addons\ofxTweenzor\src\Tween.h">
      <Filter>addons\ofxTweenzor\src</Filter>
    </ClInclude>
    <ClInclude Include="..\..\..\..\addons\ofxTweenzor\src\TweenEvent.h">
      <Filter>addons\ofxTweenzor\src</Filter>
    </ClInclude>
    <ClInclude Include="..\..\..\..\addons\ofxTweenzor\src\TweenFunctions.h">
      <Filter>addons\ofxTweenzor\src</Filter>
    </ClInclude>
    <ClInclude Include="..\..\..\..\addons\ofxTweenzor\src\TweenSelector.h">
      <Filter>addons\ofxTweenzor\src</Filter>
    </ClInclude>
    <ClInclude Include="..\..\..\..\addons\ofxTweenzor\src\Tweenzor.h">
      <Filter>addons\ofxTweenzor\src</Filter>
    </ClInclude>
    <ClInclude Include="..\..\..\..\addons\ofxXmlSettings\src\ofxXmlSettings.h">
      <Filter>addons\ofxXmlSettings\src</Filter>
    </ClInclude>
    <ClInclude Include="..\..\..\..\addons\ofxXmlSettings\libs\tinyxml.h">
      <Filter>addons\ofxXmlSettings\libs</Filter>
    </ClInclude>
    <ClInclude Include="..\..\scenes\SimpleScene.h">
      <Filter>addons\ofxOpenVJ\src</Filter>
    </ClInclude>
    <ClInclude Include="src\DirectionalWashScene.h">
      <Filter>src\scenes</Filter>
    </ClInclude>
    <ClInclude Include="src\ReflectMaskScene.h">
      <Filter>src\scenes</Filter>
    </ClInclude>
    <ClInclude Include="src\ShaderScene.h">
      <Filter>src\scenes</Filter>
    </ClInclude>
    <ClInclude Include="src\TileTextureScene.h">
      <Filter>src\scenes</Filter>
    </ClInclude>
    <ClInclude Include="src\LightShaderScene.h">
      <Filter>src\scenes</Filter>
    </ClInclude>
    <ClInclude Include="src\NeuralSpaceShaderScene.h">
      <Filter>src\scenes</Filter>
    </ClInclude>
    <ClInclude Include="..\..\..\ofxGif\src\ofxGif.h">
      <Filter>addons\ofxGif\src</Filter>
    </ClInclude>
    <ClInclude Include="src\AnimatedTileTextureScene.h">
      <Filter>addons\ofxOpenVJ\src</Filter>
    </ClInclude>
    <ClInclude Include="src\SectionColorJumpScene.h">
      <Filter>src\scenes</Filter>
    </ClInclude>
    <ClInclude Include="..\..\src\ofxOpenVJUtils.h">
      <Filter>addons\ofxOpenVJ\src</Filter>
    </ClInclude>
    <ClInclude Include="src\CircleExpandScene.h">
      <Filter>src\scenes</Filter>
    </ClInclude>
    <ClInclude Include="src\RadialFftScene.h">
      <Filter>src\scenes</Filter>
    </ClInclude>
    <ClInclude Include="src\NeonLightTunnelScene.h">
      <Filter>src\scenes</Filter>
    </ClInclude>
    <ClInclude Include="src\GridMosiacFractalScene.h">
      <Filter>src\scenes</Filter>
    </ClInclude>
    <ClInclude Include="src\IronManTunnelShaderScene.h">
      <Filter>src\scenes</Filter>
    </ClInclude>
    <ClInclude Include="src\FractalTunnelScene.h">
      <Filter>src\scenes</Filter>
    </ClInclude>
    <ClInclude Include="src\CellLifeShaderScene.h">
      <Filter>src\scenes</Filter>
    </ClInclude>
    <ClInclude Include="src\MRSFractalShaderScene.h">
      <Filter>src\scenes</Filter>
    </ClInclude>
    <ClInclude Include="..\..\src\ColorPalette.h">
      <Filter>addons\ofxOpenVJ\src</Filter>
    </ClInclude>
    <ClInclude Include="..\..\..\ofxHeliosLibs\src\ofxAlphaStack\ofxAlphaStackItem.h">
      <Filter>addons\ofxHeliosLibs\src\ofxAlphaStack\src</Filter>
    </ClInclude>
  </ItemGroup>
</Project>